// !$*UTF8*$!
{
	archiveVersion = 1;
	classes = {
	};
	objectVersion = 50;
	objects = {

/* Begin PBXBuildFile section */
		69EACF0324B63D5800303A16 /* RedditOsApp.swift in Sources */ = {isa = PBXBuildFile; fileRef = 69EACF0224B63D5800303A16 /* RedditOsApp.swift */; };
		69EACF0524B63D5800303A16 /* ContentView.swift in Sources */ = {isa = PBXBuildFile; fileRef = 69EACF0424B63D5800303A16 /* ContentView.swift */; };
		69EACF0724B63D5900303A16 /* Assets.xcassets in Resources */ = {isa = PBXBuildFile; fileRef = 69EACF0624B63D5900303A16 /* Assets.xcassets */; };
		69EACF0A24B63D5900303A16 /* Preview Assets.xcassets in Resources */ = {isa = PBXBuildFile; fileRef = 69EACF0924B63D5900303A16 /* Preview Assets.xcassets */; };
		69EACF1324B668F200303A16 /* Sidebar.swift in Sources */ = {isa = PBXBuildFile; fileRef = 69EACF1224B668F200303A16 /* Sidebar.swift */; };
		69EACF1524B6F1E200303A16 /* Listing.swift in Sources */ = {isa = PBXBuildFile; fileRef = 69EACF1424B6F1E200303A16 /* Listing.swift */; };
		69EACF1724B6F2BA00303A16 /* PostDetail.swift in Sources */ = {isa = PBXBuildFile; fileRef = 69EACF1624B6F2BA00303A16 /* PostDetail.swift */; };
/* End PBXBuildFile section */

/* Begin PBXFileReference section */
		69EACEFF24B63D5800303A16 /* RedditOs.app */ = {isa = PBXFileReference; explicitFileType = wrapper.application; includeInIndex = 0; path = RedditOs.app; sourceTree = BUILT_PRODUCTS_DIR; };
		69EACF0224B63D5800303A16 /* RedditOsApp.swift */ = {isa = PBXFileReference; lastKnownFileType = sourcecode.swift; path = RedditOsApp.swift; sourceTree = "<group>"; };
		69EACF0424B63D5800303A16 /* ContentView.swift */ = {isa = PBXFileReference; lastKnownFileType = sourcecode.swift; path = ContentView.swift; sourceTree = "<group>"; };
		69EACF0624B63D5900303A16 /* Assets.xcassets */ = {isa = PBXFileReference; lastKnownFileType = folder.assetcatalog; path = Assets.xcassets; sourceTree = "<group>"; };
		69EACF0924B63D5900303A16 /* Preview Assets.xcassets */ = {isa = PBXFileReference; lastKnownFileType = folder.assetcatalog; path = "Preview Assets.xcassets"; sourceTree = "<group>"; };
		69EACF0B24B63D5900303A16 /* Info.plist */ = {isa = PBXFileReference; lastKnownFileType = text.plist.xml; path = Info.plist; sourceTree = "<group>"; };
		69EACF0C24B63D5900303A16 /* RedditOs.entitlements */ = {isa = PBXFileReference; lastKnownFileType = text.plist.entitlements; path = RedditOs.entitlements; sourceTree = "<group>"; };
		69EACF1224B668F200303A16 /* Sidebar.swift */ = {isa = PBXFileReference; lastKnownFileType = sourcecode.swift; path = Sidebar.swift; sourceTree = "<group>"; };
		69EACF1424B6F1E200303A16 /* Listing.swift */ = {isa = PBXFileReference; lastKnownFileType = sourcecode.swift; path = Listing.swift; sourceTree = "<group>"; };
		69EACF1624B6F2BA00303A16 /* PostDetail.swift */ = {isa = PBXFileReference; lastKnownFileType = sourcecode.swift; path = PostDetail.swift; sourceTree = "<group>"; };
		69EACF1924B7223E00303A16 /* Backend */ = {isa = PBXFileReference; lastKnownFileType = folder; name = Backend; path = Packages/Backend; sourceTree = "<group>"; };
/* End PBXFileReference section */

/* Begin PBXFrameworksBuildPhase section */
		69EACEFC24B63D5800303A16 /* Frameworks */ = {
			isa = PBXFrameworksBuildPhase;
			buildActionMask = 2147483647;
			files = (
			);
			runOnlyForDeploymentPostprocessing = 0;
		};
/* End PBXFrameworksBuildPhase section */

/* Begin PBXGroup section */
		69EACEF624B63D5800303A16 = {
			isa = PBXGroup;
			children = (
				69EACF0124B63D5800303A16 /* RedditOs */,
				69EACF1924B7223E00303A16 /* Backend */,
				69EACF0024B63D5800303A16 /* Products */,
			);
			sourceTree = "<group>";
		};
		69EACF0024B63D5800303A16 /* Products */ = {
			isa = PBXGroup;
			children = (
				69EACEFF24B63D5800303A16 /* RedditOs.app */,
			);
			name = Products;
			sourceTree = "<group>";
		};
		69EACF0124B63D5800303A16 /* RedditOs */ = {
			isa = PBXGroup;
			children = (
				69EACF0224B63D5800303A16 /* RedditOsApp.swift */,
				69EACF1824B7057800303A16 /* Views */,
				69EACF0624B63D5900303A16 /* Assets.xcassets */,
				69EACF0B24B63D5900303A16 /* Info.plist */,
				69EACF0C24B63D5900303A16 /* RedditOs.entitlements */,
				69EACF0824B63D5900303A16 /* Preview Content */,
			);
			path = RedditOs;
			sourceTree = "<group>";
		};
		69EACF0824B63D5900303A16 /* Preview Content */ = {
			isa = PBXGroup;
			children = (
				69EACF0924B63D5900303A16 /* Preview Assets.xcassets */,
			);
			path = "Preview Content";
			sourceTree = "<group>";
		};
		69EACF1824B7057800303A16 /* Views */ = {
			isa = PBXGroup;
			children = (
				69EACF0424B63D5800303A16 /* ContentView.swift */,
				69EACF1224B668F200303A16 /* Sidebar.swift */,
				69EACF1424B6F1E200303A16 /* Listing.swift */,
				69EACF1624B6F2BA00303A16 /* PostDetail.swift */,
			);
			path = Views;
			sourceTree = "<group>";
		};
/* End PBXGroup section */

/* Begin PBXNativeTarget section */
		69EACEFE24B63D5800303A16 /* RedditOs */ = {
			isa = PBXNativeTarget;
			buildConfigurationList = 69EACF0F24B63D5900303A16 /* Build configuration list for PBXNativeTarget "RedditOs" */;
			buildPhases = (
				69EACEFB24B63D5800303A16 /* Sources */,
				69EACEFC24B63D5800303A16 /* Frameworks */,
				69EACEFD24B63D5800303A16 /* Resources */,
			);
			buildRules = (
			);
			dependencies = (
			);
			name = RedditOs;
			productName = RedditOs;
			productReference = 69EACEFF24B63D5800303A16 /* RedditOs.app */;
			productType = "com.apple.product-type.application";
		};
/* End PBXNativeTarget section */

/* Begin PBXProject section */
		69EACEF724B63D5800303A16 /* Project object */ = {
			isa = PBXProject;
			attributes = {
				LastSwiftUpdateCheck = 1200;
				LastUpgradeCheck = 1200;
				TargetAttributes = {
					69EACEFE24B63D5800303A16 = {
						CreatedOnToolsVersion = 12.0;
					};
				};
			};
			buildConfigurationList = 69EACEFA24B63D5800303A16 /* Build configuration list for PBXProject "RedditOs" */;
			compatibilityVersion = "Xcode 9.3";
			developmentRegion = en;
			hasScannedForEncodings = 0;
			knownRegions = (
				en,
				Base,
			);
			mainGroup = 69EACEF624B63D5800303A16;
			productRefGroup = 69EACF0024B63D5800303A16 /* Products */;
			projectDirPath = "";
			projectRoot = "";
			targets = (
				69EACEFE24B63D5800303A16 /* RedditOs */,
			);
		};
/* End PBXProject section */

/* Begin PBXResourcesBuildPhase section */
		69EACEFD24B63D5800303A16 /* Resources */ = {
			isa = PBXResourcesBuildPhase;
			buildActionMask = 2147483647;
			files = (
				69EACF0A24B63D5900303A16 /* Preview Assets.xcassets in Resources */,
				69EACF0724B63D5900303A16 /* Assets.xcassets in Resources */,
			);
			runOnlyForDeploymentPostprocessing = 0;
		};
/* End PBXResourcesBuildPhase section */

/* Begin PBXSourcesBuildPhase section */
		69EACEFB24B63D5800303A16 /* Sources */ = {
			isa = PBXSourcesBuildPhase;
			buildActionMask = 2147483647;
			files = (
				69EACF0524B63D5800303A16 /* ContentView.swift in Sources */,
				69EACF1324B668F200303A16 /* Sidebar.swift in Sources */,
				69EACF1524B6F1E200303A16 /* Listing.swift in Sources */,
				69EACF1724B6F2BA00303A16 /* PostDetail.swift in Sources */,
				69EACF0324B63D5800303A16 /* RedditOsApp.swift in Sources */,
			);
			runOnlyForDeploymentPostprocessing = 0;
		};
/* End PBXSourcesBuildPhase section */

/* Begin XCBuildConfiguration section */
		69EACF0D24B63D5900303A16 /* Debug */ = {
			isa = XCBuildConfiguration;
			buildSettings = {
				ALWAYS_SEARCH_USER_PATHS = NO;
				CLANG_ANALYZER_NONNULL = YES;
				CLANG_ANALYZER_NUMBER_OBJECT_CONVERSION = YES_AGGRESSIVE;
				CLANG_CXX_LANGUAGE_STANDARD = "gnu++14";
				CLANG_CXX_LIBRARY = "libc++";
				CLANG_ENABLE_MODULES = YES;
				CLANG_ENABLE_OBJC_ARC = YES;
				CLANG_ENABLE_OBJC_WEAK = YES;
				CLANG_WARN_BLOCK_CAPTURE_AUTORELEASING = YES;
				CLANG_WARN_BOOL_CONVERSION = YES;
				CLANG_WARN_COMMA = YES;
				CLANG_WARN_CONSTANT_CONVERSION = YES;
				CLANG_WARN_DEPRECATED_OBJC_IMPLEMENTATIONS = YES;
				CLANG_WARN_DIRECT_OBJC_ISA_USAGE = YES_ERROR;
				CLANG_WARN_DOCUMENTATION_COMMENTS = YES;
				CLANG_WARN_EMPTY_BODY = YES;
				CLANG_WARN_ENUM_CONVERSION = YES;
				CLANG_WARN_INFINITE_RECURSION = YES;
				CLANG_WARN_INT_CONVERSION = YES;
				CLANG_WARN_NON_LITERAL_NULL_CONVERSION = YES;
				CLANG_WARN_OBJC_IMPLICIT_RETAIN_SELF = YES;
				CLANG_WARN_OBJC_LITERAL_CONVERSION = YES;
				CLANG_WARN_OBJC_ROOT_CLASS = YES_ERROR;
				CLANG_WARN_QUOTED_INCLUDE_IN_FRAMEWORK_HEADER = YES;
				CLANG_WARN_RANGE_LOOP_ANALYSIS = YES;
				CLANG_WARN_STRICT_PROTOTYPES = YES;
				CLANG_WARN_SUSPICIOUS_MOVE = YES;
				CLANG_WARN_UNGUARDED_AVAILABILITY = YES_AGGRESSIVE;
				CLANG_WARN_UNREACHABLE_CODE = YES;
				CLANG_WARN__DUPLICATE_METHOD_MATCH = YES;
				COPY_PHASE_STRIP = NO;
				DEBUG_INFORMATION_FORMAT = dwarf;
				ENABLE_STRICT_OBJC_MSGSEND = YES;
				ENABLE_TESTABILITY = YES;
				GCC_C_LANGUAGE_STANDARD = gnu11;
				GCC_DYNAMIC_NO_PIC = NO;
				GCC_NO_COMMON_BLOCKS = YES;
				GCC_OPTIMIZATION_LEVEL = 0;
				GCC_PREPROCESSOR_DEFINITIONS = (
					"DEBUG=1",
					"$(inherited)",
				);
				GCC_WARN_64_TO_32_BIT_CONVERSION = YES;
				GCC_WARN_ABOUT_RETURN_TYPE = YES_ERROR;
				GCC_WARN_UNDECLARED_SELECTOR = YES;
				GCC_WARN_UNINITIALIZED_AUTOS = YES_AGGRESSIVE;
				GCC_WARN_UNUSED_FUNCTION = YES;
				GCC_WARN_UNUSED_VARIABLE = YES;
				MACOSX_DEPLOYMENT_TARGET = 10.16;
				MTL_ENABLE_DEBUG_INFO = INCLUDE_SOURCE;
				MTL_FAST_MATH = YES;
				ONLY_ACTIVE_ARCH = YES;
				SDKROOT = macosx;
				SWIFT_ACTIVE_COMPILATION_CONDITIONS = DEBUG;
				SWIFT_OPTIMIZATION_LEVEL = "-Onone";
			};
			name = Debug;
		};
		69EACF0E24B63D5900303A16 /* Release */ = {
			isa = XCBuildConfiguration;
			buildSettings = {
				ALWAYS_SEARCH_USER_PATHS = NO;
				CLANG_ANALYZER_NONNULL = YES;
				CLANG_ANALYZER_NUMBER_OBJECT_CONVERSION = YES_AGGRESSIVE;
				CLANG_CXX_LANGUAGE_STANDARD = "gnu++14";
				CLANG_CXX_LIBRARY = "libc++";
				CLANG_ENABLE_MODULES = YES;
				CLANG_ENABLE_OBJC_ARC = YES;
				CLANG_ENABLE_OBJC_WEAK = YES;
				CLANG_WARN_BLOCK_CAPTURE_AUTORELEASING = YES;
				CLANG_WARN_BOOL_CONVERSION = YES;
				CLANG_WARN_COMMA = YES;
				CLANG_WARN_CONSTANT_CONVERSION = YES;
				CLANG_WARN_DEPRECATED_OBJC_IMPLEMENTATIONS = YES;
				CLANG_WARN_DIRECT_OBJC_ISA_USAGE = YES_ERROR;
				CLANG_WARN_DOCUMENTATION_COMMENTS = YES;
				CLANG_WARN_EMPTY_BODY = YES;
				CLANG_WARN_ENUM_CONVERSION = YES;
				CLANG_WARN_INFINITE_RECURSION = YES;
				CLANG_WARN_INT_CONVERSION = YES;
				CLANG_WARN_NON_LITERAL_NULL_CONVERSION = YES;
				CLANG_WARN_OBJC_IMPLICIT_RETAIN_SELF = YES;
				CLANG_WARN_OBJC_LITERAL_CONVERSION = YES;
				CLANG_WARN_OBJC_ROOT_CLASS = YES_ERROR;
				CLANG_WARN_QUOTED_INCLUDE_IN_FRAMEWORK_HEADER = YES;
				CLANG_WARN_RANGE_LOOP_ANALYSIS = YES;
				CLANG_WARN_STRICT_PROTOTYPES = YES;
				CLANG_WARN_SUSPICIOUS_MOVE = YES;
				CLANG_WARN_UNGUARDED_AVAILABILITY = YES_AGGRESSIVE;
				CLANG_WARN_UNREACHABLE_CODE = YES;
				CLANG_WARN__DUPLICATE_METHOD_MATCH = YES;
				COPY_PHASE_STRIP = NO;
				DEBUG_INFORMATION_FORMAT = "dwarf-with-dsym";
				ENABLE_NS_ASSERTIONS = NO;
				ENABLE_STRICT_OBJC_MSGSEND = YES;
				GCC_C_LANGUAGE_STANDARD = gnu11;
				GCC_NO_COMMON_BLOCKS = YES;
				GCC_WARN_64_TO_32_BIT_CONVERSION = YES;
				GCC_WARN_ABOUT_RETURN_TYPE = YES_ERROR;
				GCC_WARN_UNDECLARED_SELECTOR = YES;
				GCC_WARN_UNINITIALIZED_AUTOS = YES_AGGRESSIVE;
				GCC_WARN_UNUSED_FUNCTION = YES;
				GCC_WARN_UNUSED_VARIABLE = YES;
				MACOSX_DEPLOYMENT_TARGET = 10.16;
				MTL_ENABLE_DEBUG_INFO = NO;
				MTL_FAST_MATH = YES;
				SDKROOT = macosx;
				SWIFT_COMPILATION_MODE = wholemodule;
				SWIFT_OPTIMIZATION_LEVEL = "-O";
			};
			name = Release;
		};
		69EACF1024B63D5900303A16 /* Debug */ = {
			isa = XCBuildConfiguration;
			buildSettings = {
				ASSETCATALOG_COMPILER_APPICON_NAME = AppIcon;
				ASSETCATALOG_COMPILER_GLOBAL_ACCENT_COLOR_NAME = AccentColor;
				CODE_SIGN_ENTITLEMENTS = RedditOs/RedditOs.entitlements;
				CODE_SIGN_STYLE = Automatic;
				COMBINE_HIDPI_IMAGES = YES;
				DEVELOPMENT_ASSET_PATHS = "\"RedditOs/Preview Content\"";
				DEVELOPMENT_TEAM = Z6P74P6T99;
				ENABLE_HARDENED_RUNTIME = YES;
				ENABLE_PREVIEWS = YES;
				INFOPLIST_FILE = RedditOs/Info.plist;
				LD_RUNPATH_SEARCH_PATHS = (
					"$(inherited)",
					"@executable_path/../Frameworks",
				);
				MACOSX_DEPLOYMENT_TARGET = 10.16;
				PRODUCT_BUNDLE_IDENTIFIER = com.thomasricouard.RedditOs;
				PRODUCT_NAME = "$(TARGET_NAME)";
				SWIFT_VERSION = 5.0;
			};
			name = Debug;
		};
		69EACF1124B63D5900303A16 /* Release */ = {
			isa = XCBuildConfiguration;
			buildSettings = {
				ASSETCATALOG_COMPILER_APPICON_NAME = AppIcon;
				ASSETCATALOG_COMPILER_GLOBAL_ACCENT_COLOR_NAME = AccentColor;
				CODE_SIGN_ENTITLEMENTS = RedditOs/RedditOs.entitlements;
				CODE_SIGN_STYLE = Automatic;
				COMBINE_HIDPI_IMAGES = YES;
				DEVELOPMENT_ASSET_PATHS = "\"RedditOs/Preview Content\"";
				DEVELOPMENT_TEAM = Z6P74P6T99;
				ENABLE_HARDENED_RUNTIME = YES;
				ENABLE_PREVIEWS = YES;
				INFOPLIST_FILE = RedditOs/Info.plist;
				LD_RUNPATH_SEARCH_PATHS = (
					"$(inherited)",
					"@executable_path/../Frameworks",
				);
				MACOSX_DEPLOYMENT_TARGET = 10.16;
				PRODUCT_BUNDLE_IDENTIFIER = com.thomasricouard.RedditOs;
				PRODUCT_NAME = "$(TARGET_NAME)";
				SWIFT_VERSION = 5.0;
			};
			name = Release;
		};
/* End XCBuildConfiguration section */

/* Begin XCConfigurationList section */
		69EACEFA24B63D5800303A16 /* Build configuration list for PBXProject "RedditOs" */ = {
			isa = XCConfigurationList;
			buildConfigurations = (
				69EACF0D24B63D5900303A16 /* Debug */,
				69EACF0E24B63D5900303A16 /* Release */,
			);
			defaultConfigurationIsVisible = 0;
			defaultConfigurationName = Release;
		};
		69EACF0F24B63D5900303A16 /* Build configuration list for PBXNativeTarget "RedditOs" */ = {
			isa = XCConfigurationList;
			buildConfigurations = (
				69EACF1024B63D5900303A16 /* Debug */,
				69EACF1124B63D5900303A16 /* Release */,
			);
			defaultConfigurationIsVisible = 0;
			defaultConfigurationName = Release;
		};
/* End XCConfigurationList section */
	};
	rootObject = 69EACEF724B63D5800303A16 /* Project object */;
}
