// !$*UTF8*$!
{
	archiveVersion = 1;
	classes = {
	};
	objectVersion = 52;
	objects = {

/* Begin PBXBuildFile section */
		6906880D24B743900067D973 /* SubredditPostRow.swift in Sources */ = {isa = PBXBuildFile; fileRef = 6906880C24B743900067D973 /* SubredditPostRow.swift */; };
		6918A8CB24C1FEDC008A74E1 /* FlairView.swift in Sources */ = {isa = PBXBuildFile; fileRef = 6918A8CA24C1FEDC008A74E1 /* FlairView.swift */; };
		692566D624B8A25A0014E0D4 /* PostDetailContent.swift in Sources */ = {isa = PBXBuildFile; fileRef = 692566D524B8A25A0014E0D4 /* PostDetailContent.swift */; };
		692566D824B8A3190014E0D4 /* PostDetailActions.swift in Sources */ = {isa = PBXBuildFile; fileRef = 692566D724B8A3190014E0D4 /* PostDetailActions.swift */; };
		692566DA24B8A3830014E0D4 /* PostDetailHeader.swift in Sources */ = {isa = PBXBuildFile; fileRef = 692566D924B8A3830014E0D4 /* PostDetailHeader.swift */; };
		6927894924B9B75200EEFBF2 /* ProfileView.swift in Sources */ = {isa = PBXBuildFile; fileRef = 6927894824B9B75200EEFBF2 /* ProfileView.swift */; };
		694C634F24C0AA6D0017897D /* SidebarSubredditRow.swift in Sources */ = {isa = PBXBuildFile; fileRef = 694C634E24C0AA6D0017897D /* SidebarSubredditRow.swift */; };
		6970A0AE24B74A9D00B11031 /* ListingInfoView.swift in Sources */ = {isa = PBXBuildFile; fileRef = 6970A0AD24B74A9D00B11031 /* ListingInfoView.swift */; };
		6970A0B124B74B7900B11031 /* SDWebImageSwiftUI in Frameworks */ = {isa = PBXBuildFile; productRef = 6970A0B024B74B7900B11031 /* SDWebImageSwiftUI */; };
		6970A0B324B77D1200B11031 /* ListingVoteView.swift in Sources */ = {isa = PBXBuildFile; fileRef = 6970A0B224B77D1200B11031 /* ListingVoteView.swift */; };
		6970A0B624B783FE00B11031 /* LinkPresentationRepresentable.swift in Sources */ = {isa = PBXBuildFile; fileRef = 6970A0B524B783FE00B11031 /* LinkPresentationRepresentable.swift */; };
		6970A0B924B79AFD00B11031 /* SearchSubredditsPopover.swift in Sources */ = {isa = PBXBuildFile; fileRef = 6970A0B824B79AFD00B11031 /* SearchSubredditsPopover.swift */; };
		6970A0BB24B79F5900B11031 /* SearchSubredditsViewModel.swift in Sources */ = {isa = PBXBuildFile; fileRef = 6970A0BA24B79F5900B11031 /* SearchSubredditsViewModel.swift */; };
		6970A0BD24B82E1C00B11031 /* LoadingRow.swift in Sources */ = {isa = PBXBuildFile; fileRef = 6970A0BC24B82E1C00B11031 /* LoadingRow.swift */; };
		6970A0BF24B8343100B11031 /* SubredditRow.swift in Sources */ = {isa = PBXBuildFile; fileRef = 6970A0BE24B8343100B11031 /* SubredditRow.swift */; };
		6970A0C124B88BA200B11031 /* PostDetailViewModel.swift in Sources */ = {isa = PBXBuildFile; fileRef = 6970A0C024B88BA200B11031 /* PostDetailViewModel.swift */; };
		6970A0C324B896CD00B11031 /* PostDetailCommentsSection.swift in Sources */ = {isa = PBXBuildFile; fileRef = 6970A0C224B896CD00B11031 /* PostDetailCommentsSection.swift */; };
		69D076C824B9E871001619AC /* Color.swift in Sources */ = {isa = PBXBuildFile; fileRef = 69D076C724B9E871001619AC /* Color.swift */; };
		69EACF0324B63D5800303A16 /* RedditOsApp.swift in Sources */ = {isa = PBXBuildFile; fileRef = 69EACF0224B63D5800303A16 /* RedditOsApp.swift */; };
		69EACF0724B63D5900303A16 /* Assets.xcassets in Resources */ = {isa = PBXBuildFile; fileRef = 69EACF0624B63D5900303A16 /* Assets.xcassets */; };
		69EACF0A24B63D5900303A16 /* Preview Assets.xcassets in Resources */ = {isa = PBXBuildFile; fileRef = 69EACF0924B63D5900303A16 /* Preview Assets.xcassets */; };
		69EACF1324B668F200303A16 /* Sidebar.swift in Sources */ = {isa = PBXBuildFile; fileRef = 69EACF1224B668F200303A16 /* Sidebar.swift */; };
		69EACF1524B6F1E200303A16 /* SubredditPostsListView.swift in Sources */ = {isa = PBXBuildFile; fileRef = 69EACF1424B6F1E200303A16 /* SubredditPostsListView.swift */; };
		69EACF1724B6F2BA00303A16 /* PostDetail.swift in Sources */ = {isa = PBXBuildFile; fileRef = 69EACF1624B6F2BA00303A16 /* PostDetail.swift */; };
		69EACF1C24B7272E00303A16 /* Backend in Frameworks */ = {isa = PBXBuildFile; productRef = 69EACF1B24B7272E00303A16 /* Backend */; };
		69EACF1F24B7298800303A16 /* SidebarViewModel.swift in Sources */ = {isa = PBXBuildFile; fileRef = 69EACF1E24B7298800303A16 /* SidebarViewModel.swift */; };
		69EACF2524B73DF400303A16 /* SubredditViewModel.swift in Sources */ = {isa = PBXBuildFile; fileRef = 69EACF2424B73DF400303A16 /* SubredditViewModel.swift */; };
/* End PBXBuildFile section */

/* Begin PBXFileReference section */
		6906880C24B743900067D973 /* SubredditPostRow.swift */ = {isa = PBXFileReference; lastKnownFileType = sourcecode.swift; path = SubredditPostRow.swift; sourceTree = "<group>"; };
		6918A8CA24C1FEDC008A74E1 /* FlairView.swift */ = {isa = PBXFileReference; lastKnownFileType = sourcecode.swift; path = FlairView.swift; sourceTree = "<group>"; };
		692566D524B8A25A0014E0D4 /* PostDetailContent.swift */ = {isa = PBXFileReference; lastKnownFileType = sourcecode.swift; path = PostDetailContent.swift; sourceTree = "<group>"; };
		692566D724B8A3190014E0D4 /* PostDetailActions.swift */ = {isa = PBXFileReference; lastKnownFileType = sourcecode.swift; path = PostDetailActions.swift; sourceTree = "<group>"; };
		692566D924B8A3830014E0D4 /* PostDetailHeader.swift */ = {isa = PBXFileReference; lastKnownFileType = sourcecode.swift; path = PostDetailHeader.swift; sourceTree = "<group>"; };
		6927894824B9B75200EEFBF2 /* ProfileView.swift */ = {isa = PBXFileReference; lastKnownFileType = sourcecode.swift; path = ProfileView.swift; sourceTree = "<group>"; };
		694C634E24C0AA6D0017897D /* SidebarSubredditRow.swift */ = {isa = PBXFileReference; lastKnownFileType = sourcecode.swift; path = SidebarSubredditRow.swift; sourceTree = "<group>"; };
		6970A0AD24B74A9D00B11031 /* ListingInfoView.swift */ = {isa = PBXFileReference; lastKnownFileType = sourcecode.swift; path = ListingInfoView.swift; sourceTree = "<group>"; };
		6970A0B224B77D1200B11031 /* ListingVoteView.swift */ = {isa = PBXFileReference; lastKnownFileType = sourcecode.swift; path = ListingVoteView.swift; sourceTree = "<group>"; };
		6970A0B524B783FE00B11031 /* LinkPresentationRepresentable.swift */ = {isa = PBXFileReference; lastKnownFileType = sourcecode.swift; path = LinkPresentationRepresentable.swift; sourceTree = "<group>"; };
		6970A0B824B79AFD00B11031 /* SearchSubredditsPopover.swift */ = {isa = PBXFileReference; lastKnownFileType = sourcecode.swift; path = SearchSubredditsPopover.swift; sourceTree = "<group>"; };
		6970A0BA24B79F5900B11031 /* SearchSubredditsViewModel.swift */ = {isa = PBXFileReference; lastKnownFileType = sourcecode.swift; path = SearchSubredditsViewModel.swift; sourceTree = "<group>"; };
		6970A0BC24B82E1C00B11031 /* LoadingRow.swift */ = {isa = PBXFileReference; lastKnownFileType = sourcecode.swift; path = LoadingRow.swift; sourceTree = "<group>"; };
		6970A0BE24B8343100B11031 /* SubredditRow.swift */ = {isa = PBXFileReference; lastKnownFileType = sourcecode.swift; path = SubredditRow.swift; sourceTree = "<group>"; };
		6970A0C024B88BA200B11031 /* PostDetailViewModel.swift */ = {isa = PBXFileReference; lastKnownFileType = sourcecode.swift; path = PostDetailViewModel.swift; sourceTree = "<group>"; };
		6970A0C224B896CD00B11031 /* PostDetailCommentsSection.swift */ = {isa = PBXFileReference; lastKnownFileType = sourcecode.swift; path = PostDetailCommentsSection.swift; sourceTree = "<group>"; };
		69D076C724B9E871001619AC /* Color.swift */ = {isa = PBXFileReference; lastKnownFileType = sourcecode.swift; path = Color.swift; sourceTree = "<group>"; };
		69EACEFF24B63D5800303A16 /* RedditOs.app */ = {isa = PBXFileReference; explicitFileType = wrapper.application; includeInIndex = 0; path = RedditOs.app; sourceTree = BUILT_PRODUCTS_DIR; };
		69EACF0224B63D5800303A16 /* RedditOsApp.swift */ = {isa = PBXFileReference; lastKnownFileType = sourcecode.swift; path = RedditOsApp.swift; sourceTree = "<group>"; };
		69EACF0624B63D5900303A16 /* Assets.xcassets */ = {isa = PBXFileReference; lastKnownFileType = folder.assetcatalog; path = Assets.xcassets; sourceTree = "<group>"; };
		69EACF0924B63D5900303A16 /* Preview Assets.xcassets */ = {isa = PBXFileReference; lastKnownFileType = folder.assetcatalog; path = "Preview Assets.xcassets"; sourceTree = "<group>"; };
		69EACF0B24B63D5900303A16 /* Info.plist */ = {isa = PBXFileReference; lastKnownFileType = text.plist.xml; path = Info.plist; sourceTree = "<group>"; };
		69EACF0C24B63D5900303A16 /* RedditOs.entitlements */ = {isa = PBXFileReference; lastKnownFileType = text.plist.entitlements; path = RedditOs.entitlements; sourceTree = "<group>"; };
		69EACF1224B668F200303A16 /* Sidebar.swift */ = {isa = PBXFileReference; lastKnownFileType = sourcecode.swift; path = Sidebar.swift; sourceTree = "<group>"; };
		69EACF1424B6F1E200303A16 /* SubredditPostsListView.swift */ = {isa = PBXFileReference; lastKnownFileType = sourcecode.swift; path = SubredditPostsListView.swift; sourceTree = "<group>"; };
		69EACF1624B6F2BA00303A16 /* PostDetail.swift */ = {isa = PBXFileReference; lastKnownFileType = sourcecode.swift; path = PostDetail.swift; sourceTree = "<group>"; };
		69EACF1924B7223E00303A16 /* Backend */ = {isa = PBXFileReference; lastKnownFileType = folder; name = Backend; path = Packages/Backend; sourceTree = "<group>"; };
		69EACF1E24B7298800303A16 /* SidebarViewModel.swift */ = {isa = PBXFileReference; lastKnownFileType = sourcecode.swift; path = SidebarViewModel.swift; sourceTree = "<group>"; };
		69EACF2424B73DF400303A16 /* SubredditViewModel.swift */ = {isa = PBXFileReference; lastKnownFileType = sourcecode.swift; path = SubredditViewModel.swift; sourceTree = "<group>"; };
/* End PBXFileReference section */

/* Begin PBXFrameworksBuildPhase section */
		69EACEFC24B63D5800303A16 /* Frameworks */ = {
			isa = PBXFrameworksBuildPhase;
			buildActionMask = 2147483647;
			files = (
				6970A0B124B74B7900B11031 /* SDWebImageSwiftUI in Frameworks */,
				69EACF1C24B7272E00303A16 /* Backend in Frameworks */,
			);
			runOnlyForDeploymentPostprocessing = 0;
		};
/* End PBXFrameworksBuildPhase section */

/* Begin PBXGroup section */
		6927894724B9B74900EEFBF2 /* Profile */ = {
			isa = PBXGroup;
			children = (
				6927894824B9B75200EEFBF2 /* ProfileView.swift */,
			);
			path = Profile;
			sourceTree = "<group>";
		};
		6970A0AC24B7494C00B11031 /* Shared */ = {
			isa = PBXGroup;
			children = (
				6970A0AD24B74A9D00B11031 /* ListingInfoView.swift */,
				6970A0B224B77D1200B11031 /* ListingVoteView.swift */,
				6970A0BC24B82E1C00B11031 /* LoadingRow.swift */,
				6918A8CA24C1FEDC008A74E1 /* FlairView.swift */,
			);
			path = Shared;
			sourceTree = "<group>";
		};
		6970A0B424B783F200B11031 /* Representables */ = {
			isa = PBXGroup;
			children = (
				6970A0B524B783FE00B11031 /* LinkPresentationRepresentable.swift */,
			);
			path = Representables;
			sourceTree = "<group>";
		};
		6970A0B724B79AF400B11031 /* Search */ = {
			isa = PBXGroup;
			children = (
				6970A0B824B79AFD00B11031 /* SearchSubredditsPopover.swift */,
				6970A0BA24B79F5900B11031 /* SearchSubredditsViewModel.swift */,
				6970A0BE24B8343100B11031 /* SubredditRow.swift */,
			);
			path = Search;
			sourceTree = "<group>";
		};
		69D076C624B9E861001619AC /* Extensions */ = {
			isa = PBXGroup;
			children = (
				69D076C724B9E871001619AC /* Color.swift */,
			);
			path = Extensions;
			sourceTree = "<group>";
		};
		69EACEF624B63D5800303A16 = {
			isa = PBXGroup;
			children = (
				69EACF0124B63D5800303A16 /* RedditOs */,
				69EACF1924B7223E00303A16 /* Backend */,
				69EACF0024B63D5800303A16 /* Products */,
				69EACF1A24B7272E00303A16 /* Frameworks */,
			);
			sourceTree = "<group>";
		};
		69EACF0024B63D5800303A16 /* Products */ = {
			isa = PBXGroup;
			children = (
				69EACEFF24B63D5800303A16 /* RedditOs.app */,
			);
			name = Products;
			sourceTree = "<group>";
		};
		69EACF0124B63D5800303A16 /* RedditOs */ = {
			isa = PBXGroup;
			children = (
				69EACF0224B63D5800303A16 /* RedditOsApp.swift */,
				69D076C624B9E861001619AC /* Extensions */,
				6970A0B424B783F200B11031 /* Representables */,
				6970A0AC24B7494C00B11031 /* Shared */,
				69EACF2024B7298C00303A16 /* Features */,
				69EACF0B24B63D5900303A16 /* Info.plist */,
				69EACF0624B63D5900303A16 /* Assets.xcassets */,
				69EACF0C24B63D5900303A16 /* RedditOs.entitlements */,
				69EACF0824B63D5900303A16 /* Preview Content */,
			);
			path = RedditOs;
			sourceTree = "<group>";
		};
		69EACF0824B63D5900303A16 /* Preview Content */ = {
			isa = PBXGroup;
			children = (
				69EACF0924B63D5900303A16 /* Preview Assets.xcassets */,
			);
			path = "Preview Content";
			sourceTree = "<group>";
		};
		69EACF1A24B7272E00303A16 /* Frameworks */ = {
			isa = PBXGroup;
			children = (
			);
			name = Frameworks;
			sourceTree = "<group>";
		};
		69EACF2024B7298C00303A16 /* Features */ = {
			isa = PBXGroup;
			children = (
				6927894724B9B74900EEFBF2 /* Profile */,
				6970A0B724B79AF400B11031 /* Search */,
				69EACF2124B7299000303A16 /* Sidebar */,
				69EACF2324B73D6900303A16 /* Post */,
				69EACF2224B73AF100303A16 /* Subreddit */,
			);
			path = Features;
			sourceTree = "<group>";
		};
		69EACF2124B7299000303A16 /* Sidebar */ = {
			isa = PBXGroup;
			children = (
				69EACF1E24B7298800303A16 /* SidebarViewModel.swift */,
				69EACF1224B668F200303A16 /* Sidebar.swift */,
				694C634E24C0AA6D0017897D /* SidebarSubredditRow.swift */,
			);
			path = Sidebar;
			sourceTree = "<group>";
		};
		69EACF2224B73AF100303A16 /* Subreddit */ = {
			isa = PBXGroup;
			children = (
				69EACF2424B73DF400303A16 /* SubredditViewModel.swift */,
				69EACF1424B6F1E200303A16 /* SubredditPostsListView.swift */,
				6906880C24B743900067D973 /* SubredditPostRow.swift */,
			);
			path = Subreddit;
			sourceTree = "<group>";
		};
		69EACF2324B73D6900303A16 /* Post */ = {
			isa = PBXGroup;
			children = (
				6970A0C024B88BA200B11031 /* PostDetailViewModel.swift */,
				69EACF1624B6F2BA00303A16 /* PostDetail.swift */,
				692566D924B8A3830014E0D4 /* PostDetailHeader.swift */,
				692566D524B8A25A0014E0D4 /* PostDetailContent.swift */,
				6970A0C224B896CD00B11031 /* PostDetailCommentsSection.swift */,
				692566D724B8A3190014E0D4 /* PostDetailActions.swift */,
			);
			path = Post;
			sourceTree = "<group>";
		};
/* End PBXGroup section */

/* Begin PBXNativeTarget section */
		69EACEFE24B63D5800303A16 /* RedditOs */ = {
			isa = PBXNativeTarget;
			buildConfigurationList = 69EACF0F24B63D5900303A16 /* Build configuration list for PBXNativeTarget "RedditOs" */;
			buildPhases = (
				69EACEFB24B63D5800303A16 /* Sources */,
				69EACEFC24B63D5800303A16 /* Frameworks */,
				69EACEFD24B63D5800303A16 /* Resources */,
			);
			buildRules = (
			);
			dependencies = (
			);
			name = RedditOs;
			packageProductDependencies = (
				69EACF1B24B7272E00303A16 /* Backend */,
				6970A0B024B74B7900B11031 /* SDWebImageSwiftUI */,
			);
			productName = RedditOs;
			productReference = 69EACEFF24B63D5800303A16 /* RedditOs.app */;
			productType = "com.apple.product-type.application";
		};
/* End PBXNativeTarget section */

/* Begin PBXProject section */
		69EACEF724B63D5800303A16 /* Project object */ = {
			isa = PBXProject;
			attributes = {
				LastSwiftUpdateCheck = 1200;
				LastUpgradeCheck = 1200;
				TargetAttributes = {
					69EACEFE24B63D5800303A16 = {
						CreatedOnToolsVersion = 12.0;
					};
				};
			};
			buildConfigurationList = 69EACEFA24B63D5800303A16 /* Build configuration list for PBXProject "RedditOs" */;
			compatibilityVersion = "Xcode 9.3";
			developmentRegion = en;
			hasScannedForEncodings = 0;
			knownRegions = (
				en,
				Base,
			);
			mainGroup = 69EACEF624B63D5800303A16;
			packageReferences = (
				6970A0AF24B74B7900B11031 /* XCRemoteSwiftPackageReference "SDWebImageSwiftUI" */,
			);
			productRefGroup = 69EACF0024B63D5800303A16 /* Products */;
			projectDirPath = "";
			projectRoot = "";
			targets = (
				69EACEFE24B63D5800303A16 /* RedditOs */,
			);
		};
/* End PBXProject section */

/* Begin PBXResourcesBuildPhase section */
		69EACEFD24B63D5800303A16 /* Resources */ = {
			isa = PBXResourcesBuildPhase;
			buildActionMask = 2147483647;
			files = (
				69EACF0A24B63D5900303A16 /* Preview Assets.xcassets in Resources */,
				69EACF0724B63D5900303A16 /* Assets.xcassets in Resources */,
			);
			runOnlyForDeploymentPostprocessing = 0;
		};
/* End PBXResourcesBuildPhase section */

/* Begin PBXSourcesBuildPhase section */
		69EACEFB24B63D5800303A16 /* Sources */ = {
			isa = PBXSourcesBuildPhase;
			buildActionMask = 2147483647;
			files = (
				69EACF1324B668F200303A16 /* Sidebar.swift in Sources */,
				6970A0BF24B8343100B11031 /* SubredditRow.swift in Sources */,
				6918A8CB24C1FEDC008A74E1 /* FlairView.swift in Sources */,
				69D076C824B9E871001619AC /* Color.swift in Sources */,
				6970A0AE24B74A9D00B11031 /* ListingInfoView.swift in Sources */,
				6970A0B624B783FE00B11031 /* LinkPresentationRepresentable.swift in Sources */,
				692566D624B8A25A0014E0D4 /* PostDetailContent.swift in Sources */,
				694C634F24C0AA6D0017897D /* SidebarSubredditRow.swift in Sources */,
				69EACF1524B6F1E200303A16 /* SubredditPostsListView.swift in Sources */,
				692566DA24B8A3830014E0D4 /* PostDetailHeader.swift in Sources */,
				6970A0C324B896CD00B11031 /* PostDetailCommentsSection.swift in Sources */,
				6970A0B924B79AFD00B11031 /* SearchSubredditsPopover.swift in Sources */,
				6970A0BB24B79F5900B11031 /* SearchSubredditsViewModel.swift in Sources */,
				6906880D24B743900067D973 /* SubredditPostRow.swift in Sources */,
				69EACF1F24B7298800303A16 /* SidebarViewModel.swift in Sources */,
				6927894924B9B75200EEFBF2 /* ProfileView.swift in Sources */,
				69EACF1724B6F2BA00303A16 /* PostDetail.swift in Sources */,
				692566D824B8A3190014E0D4 /* PostDetailActions.swift in Sources */,
				69EACF0324B63D5800303A16 /* RedditOsApp.swift in Sources */,
				69EACF2524B73DF400303A16 /* SubredditViewModel.swift in Sources */,
				6970A0BD24B82E1C00B11031 /* LoadingRow.swift in Sources */,
				6970A0B324B77D1200B11031 /* ListingVoteView.swift in Sources */,
				6970A0C124B88BA200B11031 /* PostDetailViewModel.swift in Sources */,
			);
			runOnlyForDeploymentPostprocessing = 0;
		};
/* End PBXSourcesBuildPhase section */

/* Begin XCBuildConfiguration section */
		69EACF0D24B63D5900303A16 /* Debug */ = {
			isa = XCBuildConfiguration;
			buildSettings = {
				ALWAYS_SEARCH_USER_PATHS = NO;
				CLANG_ANALYZER_NONNULL = YES;
				CLANG_ANALYZER_NUMBER_OBJECT_CONVERSION = YES_AGGRESSIVE;
				CLANG_CXX_LANGUAGE_STANDARD = "gnu++14";
				CLANG_CXX_LIBRARY = "libc++";
				CLANG_ENABLE_MODULES = YES;
				CLANG_ENABLE_OBJC_ARC = YES;
				CLANG_ENABLE_OBJC_WEAK = YES;
				CLANG_WARN_BLOCK_CAPTURE_AUTORELEASING = YES;
				CLANG_WARN_BOOL_CONVERSION = YES;
				CLANG_WARN_COMMA = YES;
				CLANG_WARN_CONSTANT_CONVERSION = YES;
				CLANG_WARN_DEPRECATED_OBJC_IMPLEMENTATIONS = YES;
				CLANG_WARN_DIRECT_OBJC_ISA_USAGE = YES_ERROR;
				CLANG_WARN_DOCUMENTATION_COMMENTS = YES;
				CLANG_WARN_EMPTY_BODY = YES;
				CLANG_WARN_ENUM_CONVERSION = YES;
				CLANG_WARN_INFINITE_RECURSION = YES;
				CLANG_WARN_INT_CONVERSION = YES;
				CLANG_WARN_NON_LITERAL_NULL_CONVERSION = YES;
				CLANG_WARN_OBJC_IMPLICIT_RETAIN_SELF = YES;
				CLANG_WARN_OBJC_LITERAL_CONVERSION = YES;
				CLANG_WARN_OBJC_ROOT_CLASS = YES_ERROR;
				CLANG_WARN_QUOTED_INCLUDE_IN_FRAMEWORK_HEADER = YES;
				CLANG_WARN_RANGE_LOOP_ANALYSIS = YES;
				CLANG_WARN_STRICT_PROTOTYPES = YES;
				CLANG_WARN_SUSPICIOUS_MOVE = YES;
				CLANG_WARN_UNGUARDED_AVAILABILITY = YES_AGGRESSIVE;
				CLANG_WARN_UNREACHABLE_CODE = YES;
				CLANG_WARN__DUPLICATE_METHOD_MATCH = YES;
				COPY_PHASE_STRIP = NO;
				DEBUG_INFORMATION_FORMAT = dwarf;
				ENABLE_STRICT_OBJC_MSGSEND = YES;
				ENABLE_TESTABILITY = YES;
				GCC_C_LANGUAGE_STANDARD = gnu11;
				GCC_DYNAMIC_NO_PIC = NO;
				GCC_NO_COMMON_BLOCKS = YES;
				GCC_OPTIMIZATION_LEVEL = 0;
				GCC_PREPROCESSOR_DEFINITIONS = (
					"DEBUG=1",
					"$(inherited)",
				);
				GCC_WARN_64_TO_32_BIT_CONVERSION = YES;
				GCC_WARN_ABOUT_RETURN_TYPE = YES_ERROR;
				GCC_WARN_UNDECLARED_SELECTOR = YES;
				GCC_WARN_UNINITIALIZED_AUTOS = YES_AGGRESSIVE;
				GCC_WARN_UNUSED_FUNCTION = YES;
				GCC_WARN_UNUSED_VARIABLE = YES;
				MACOSX_DEPLOYMENT_TARGET = 10.16;
				MTL_ENABLE_DEBUG_INFO = INCLUDE_SOURCE;
				MTL_FAST_MATH = YES;
				ONLY_ACTIVE_ARCH = YES;
				SDKROOT = macosx;
				SWIFT_ACTIVE_COMPILATION_CONDITIONS = DEBUG;
				SWIFT_OPTIMIZATION_LEVEL = "-Onone";
			};
			name = Debug;
		};
		69EACF0E24B63D5900303A16 /* Release */ = {
			isa = XCBuildConfiguration;
			buildSettings = {
				ALWAYS_SEARCH_USER_PATHS = NO;
				CLANG_ANALYZER_NONNULL = YES;
				CLANG_ANALYZER_NUMBER_OBJECT_CONVERSION = YES_AGGRESSIVE;
				CLANG_CXX_LANGUAGE_STANDARD = "gnu++14";
				CLANG_CXX_LIBRARY = "libc++";
				CLANG_ENABLE_MODULES = YES;
				CLANG_ENABLE_OBJC_ARC = YES;
				CLANG_ENABLE_OBJC_WEAK = YES;
				CLANG_WARN_BLOCK_CAPTURE_AUTORELEASING = YES;
				CLANG_WARN_BOOL_CONVERSION = YES;
				CLANG_WARN_COMMA = YES;
				CLANG_WARN_CONSTANT_CONVERSION = YES;
				CLANG_WARN_DEPRECATED_OBJC_IMPLEMENTATIONS = YES;
				CLANG_WARN_DIRECT_OBJC_ISA_USAGE = YES_ERROR;
				CLANG_WARN_DOCUMENTATION_COMMENTS = YES;
				CLANG_WARN_EMPTY_BODY = YES;
				CLANG_WARN_ENUM_CONVERSION = YES;
				CLANG_WARN_INFINITE_RECURSION = YES;
				CLANG_WARN_INT_CONVERSION = YES;
				CLANG_WARN_NON_LITERAL_NULL_CONVERSION = YES;
				CLANG_WARN_OBJC_IMPLICIT_RETAIN_SELF = YES;
				CLANG_WARN_OBJC_LITERAL_CONVERSION = YES;
				CLANG_WARN_OBJC_ROOT_CLASS = YES_ERROR;
				CLANG_WARN_QUOTED_INCLUDE_IN_FRAMEWORK_HEADER = YES;
				CLANG_WARN_RANGE_LOOP_ANALYSIS = YES;
				CLANG_WARN_STRICT_PROTOTYPES = YES;
				CLANG_WARN_SUSPICIOUS_MOVE = YES;
				CLANG_WARN_UNGUARDED_AVAILABILITY = YES_AGGRESSIVE;
				CLANG_WARN_UNREACHABLE_CODE = YES;
				CLANG_WARN__DUPLICATE_METHOD_MATCH = YES;
				COPY_PHASE_STRIP = NO;
				DEBUG_INFORMATION_FORMAT = "dwarf-with-dsym";
				ENABLE_NS_ASSERTIONS = NO;
				ENABLE_STRICT_OBJC_MSGSEND = YES;
				GCC_C_LANGUAGE_STANDARD = gnu11;
				GCC_NO_COMMON_BLOCKS = YES;
				GCC_WARN_64_TO_32_BIT_CONVERSION = YES;
				GCC_WARN_ABOUT_RETURN_TYPE = YES_ERROR;
				GCC_WARN_UNDECLARED_SELECTOR = YES;
				GCC_WARN_UNINITIALIZED_AUTOS = YES_AGGRESSIVE;
				GCC_WARN_UNUSED_FUNCTION = YES;
				GCC_WARN_UNUSED_VARIABLE = YES;
				MACOSX_DEPLOYMENT_TARGET = 10.16;
				MTL_ENABLE_DEBUG_INFO = NO;
				MTL_FAST_MATH = YES;
				SDKROOT = macosx;
				SWIFT_COMPILATION_MODE = wholemodule;
				SWIFT_OPTIMIZATION_LEVEL = "-O";
			};
			name = Release;
		};
		69EACF1024B63D5900303A16 /* Debug */ = {
			isa = XCBuildConfiguration;
			buildSettings = {
				ASSETCATALOG_COMPILER_APPICON_NAME = AppIcon;
				ASSETCATALOG_COMPILER_GLOBAL_ACCENT_COLOR_NAME = AccentColor;
				CODE_SIGN_ENTITLEMENTS = RedditOs/RedditOs.entitlements;
				CODE_SIGN_STYLE = Automatic;
				COMBINE_HIDPI_IMAGES = YES;
				DEVELOPMENT_ASSET_PATHS = "\"RedditOs/Preview Content\"";
				DEVELOPMENT_TEAM = Z6P74P6T99;
				ENABLE_HARDENED_RUNTIME = YES;
				ENABLE_PREVIEWS = YES;
				INFOPLIST_FILE = RedditOs/Info.plist;
				LD_RUNPATH_SEARCH_PATHS = (
					"$(inherited)",
					"@executable_path/../Frameworks",
				);
				MACOSX_DEPLOYMENT_TARGET = 10.16;
				PRODUCT_BUNDLE_IDENTIFIER = com.thomasricouard.RedditOs;
				PRODUCT_NAME = "$(TARGET_NAME)";
				SWIFT_VERSION = 5.0;
			};
			name = Debug;
		};
		69EACF1124B63D5900303A16 /* Release */ = {
			isa = XCBuildConfiguration;
			buildSettings = {
				ASSETCATALOG_COMPILER_APPICON_NAME = AppIcon;
				ASSETCATALOG_COMPILER_GLOBAL_ACCENT_COLOR_NAME = AccentColor;
				CODE_SIGN_ENTITLEMENTS = RedditOs/RedditOs.entitlements;
				CODE_SIGN_STYLE = Automatic;
				COMBINE_HIDPI_IMAGES = YES;
				DEVELOPMENT_ASSET_PATHS = "\"RedditOs/Preview Content\"";
				DEVELOPMENT_TEAM = Z6P74P6T99;
				ENABLE_HARDENED_RUNTIME = YES;
				ENABLE_PREVIEWS = YES;
				INFOPLIST_FILE = RedditOs/Info.plist;
				LD_RUNPATH_SEARCH_PATHS = (
					"$(inherited)",
					"@executable_path/../Frameworks",
				);
				MACOSX_DEPLOYMENT_TARGET = 10.16;
				PRODUCT_BUNDLE_IDENTIFIER = com.thomasricouard.RedditOs;
				PRODUCT_NAME = "$(TARGET_NAME)";
				SWIFT_VERSION = 5.0;
			};
			name = Release;
		};
/* End XCBuildConfiguration section */

/* Begin XCConfigurationList section */
		69EACEFA24B63D5800303A16 /* Build configuration list for PBXProject "RedditOs" */ = {
			isa = XCConfigurationList;
			buildConfigurations = (
				69EACF0D24B63D5900303A16 /* Debug */,
				69EACF0E24B63D5900303A16 /* Release */,
			);
			defaultConfigurationIsVisible = 0;
			defaultConfigurationName = Release;
		};
		69EACF0F24B63D5900303A16 /* Build configuration list for PBXNativeTarget "RedditOs" */ = {
			isa = XCConfigurationList;
			buildConfigurations = (
				69EACF1024B63D5900303A16 /* Debug */,
				69EACF1124B63D5900303A16 /* Release */,
			);
			defaultConfigurationIsVisible = 0;
			defaultConfigurationName = Release;
		};
/* End XCConfigurationList section */

/* Begin XCRemoteSwiftPackageReference section */
		6970A0AF24B74B7900B11031 /* XCRemoteSwiftPackageReference "SDWebImageSwiftUI" */ = {
			isa = XCRemoteSwiftPackageReference;
			repositoryURL = "https://github.com/SDWebImage/SDWebImageSwiftUI";
			requirement = {
				kind = upToNextMajorVersion;
				minimumVersion = 1.5.0;
			};
		};
/* End XCRemoteSwiftPackageReference section */

/* Begin XCSwiftPackageProductDependency section */
		6970A0B024B74B7900B11031 /* SDWebImageSwiftUI */ = {
			isa = XCSwiftPackageProductDependency;
			package = 6970A0AF24B74B7900B11031 /* XCRemoteSwiftPackageReference "SDWebImageSwiftUI" */;
			productName = SDWebImageSwiftUI;
		};
		69EACF1B24B7272E00303A16 /* Backend */ = {
			isa = XCSwiftPackageProductDependency;
			productName = Backend;
		};
/* End XCSwiftPackageProductDependency section */
	};
	rootObject = 69EACEF724B63D5800303A16 /* Project object */;
}
