// !$*UTF8*$!
{
	archiveVersion = 1;
	classes = {
	};
	objectVersion = 52;
	objects = {

/* Begin PBXBuildFile section */
		6906880D24B743900067D973 /* SubredditPostRow.swift in Sources */ = {isa = PBXBuildFile; fileRef = 6906880C24B743900067D973 /* SubredditPostRow.swift */; };
		691747E224DBEA240017E068 /* GlobalSearchSubRow.swift in Sources */ = {isa = PBXBuildFile; fileRef = 691747E124DBEA240017E068 /* GlobalSearchSubRow.swift */; };
		6918A8CB24C1FEDC008A74E1 /* FlairView.swift in Sources */ = {isa = PBXBuildFile; fileRef = 6918A8CA24C1FEDC008A74E1 /* FlairView.swift */; };
		691FD7B624C75CCD002E2C9C /* SubredditPostThumbnailView.swift in Sources */ = {isa = PBXBuildFile; fileRef = 691FD7B524C75CCD002E2C9C /* SubredditPostThumbnailView.swift */; };
		69222AA124CC015E009F31B4 /* PostsListView.swift in Sources */ = {isa = PBXBuildFile; fileRef = 69222AA024CC015E009F31B4 /* PostsListView.swift */; };
		69222AA324CC0291009F31B4 /* PostNoSelectionPlaceholder.swift in Sources */ = {isa = PBXBuildFile; fileRef = 69222AA224CC0291009F31B4 /* PostNoSelectionPlaceholder.swift */; };
		69222AA524CD6A89009F31B4 /* UserHeaderView.swift in Sources */ = {isa = PBXBuildFile; fileRef = 69222AA424CD6A89009F31B4 /* UserHeaderView.swift */; };
		69222AA724CD6D6C009F31B4 /* SubmittedPostsListView.swift in Sources */ = {isa = PBXBuildFile; fileRef = 69222AA624CD6D6C009F31B4 /* SubmittedPostsListView.swift */; };
		69222AAA24CD7518009F31B4 /* CommentRow.swift in Sources */ = {isa = PBXBuildFile; fileRef = 69222AA924CD7518009F31B4 /* CommentRow.swift */; };
		6923F8CD250250FC0003870F /* KingfisherSwiftUI in Frameworks */ = {isa = PBXBuildFile; productRef = 6923F8CC250250FC0003870F /* KingfisherSwiftUI */; };
		6924D53C24CD949D005487CA /* UserPopoverView.swift in Sources */ = {isa = PBXBuildFile; fileRef = 6924D53B24CD949D005487CA /* UserPopoverView.swift */; };
		6924D53E24CD94B0005487CA /* UserViewModel.swift in Sources */ = {isa = PBXBuildFile; fileRef = 6924D53D24CD94B0005487CA /* UserViewModel.swift */; };
		6924D54024CDCED0005487CA /* UserSheetView.swift in Sources */ = {isa = PBXBuildFile; fileRef = 6924D53F24CDCED0005487CA /* UserSheetView.swift */; };
		6924D54324CDD049005487CA /* UIState.swift in Sources */ = {isa = PBXBuildFile; fileRef = 6924D54224CDD049005487CA /* UIState.swift */; };
		6924D54524CDD7D7005487CA /* UserSheetOverviewView.swift in Sources */ = {isa = PBXBuildFile; fileRef = 6924D54424CDD7D7005487CA /* UserSheetOverviewView.swift */; };
		6924D54A24CDDDD9005487CA /* UserSheetCommentsView.swift in Sources */ = {isa = PBXBuildFile; fileRef = 6924D54924CDDDD9005487CA /* UserSheetCommentsView.swift */; };
		6924D54D24CDF92A005487CA /* SettingsView.swift in Sources */ = {isa = PBXBuildFile; fileRef = 6924D54C24CDF92A005487CA /* SettingsView.swift */; };
		692566D624B8A25A0014E0D4 /* PostDetailContent.swift in Sources */ = {isa = PBXBuildFile; fileRef = 692566D524B8A25A0014E0D4 /* PostDetailContent.swift */; };
		692566D824B8A3190014E0D4 /* PostDetailActionsView.swift in Sources */ = {isa = PBXBuildFile; fileRef = 692566D724B8A3190014E0D4 /* PostDetailActionsView.swift */; };
		692566DA24B8A3830014E0D4 /* PostDetailHeader.swift in Sources */ = {isa = PBXBuildFile; fileRef = 692566D924B8A3830014E0D4 /* PostDetailHeader.swift */; };
		6927894924B9B75200EEFBF2 /* ProfileView.swift in Sources */ = {isa = PBXBuildFile; fileRef = 6927894824B9B75200EEFBF2 /* ProfileView.swift */; };
		692F237624CB3A7B006C9D40 /* SavedPostsListView.swift in Sources */ = {isa = PBXBuildFile; fileRef = 692F237524CB3A7B006C9D40 /* SavedPostsListView.swift */; };
		693BD7732518C4FB00CA5214 /* PostDetailToolbar.swift in Sources */ = {isa = PBXBuildFile; fileRef = 693BD7722518C4FB00CA5214 /* PostDetailToolbar.swift */; };
		693F85D124D0690500224ADB /* NSTextField.swift in Sources */ = {isa = PBXBuildFile; fileRef = 693F85D024D0690500224ADB /* NSTextField.swift */; };
		693F85D424D0715000224ADB /* ToolbarSearchBar.swift in Sources */ = {isa = PBXBuildFile; fileRef = 693F85D324D0715000224ADB /* ToolbarSearchBar.swift */; };
		694C634F24C0AA6D0017897D /* SidebarSubredditRow.swift in Sources */ = {isa = PBXBuildFile; fileRef = 694C634E24C0AA6D0017897D /* SidebarSubredditRow.swift */; };
		6970A0AE24B74A9D00B11031 /* PostInfoView.swift in Sources */ = {isa = PBXBuildFile; fileRef = 6970A0AD24B74A9D00B11031 /* PostInfoView.swift */; };
		6970A0B324B77D1200B11031 /* PostVoteView.swift in Sources */ = {isa = PBXBuildFile; fileRef = 6970A0B224B77D1200B11031 /* PostVoteView.swift */; };
		6970A0B624B783FE00B11031 /* LinkPresentationRepresentable.swift in Sources */ = {isa = PBXBuildFile; fileRef = 6970A0B524B783FE00B11031 /* LinkPresentationRepresentable.swift */; };
		6970A0B924B79AFD00B11031 /* PopoverSearchSubredditView.swift in Sources */ = {isa = PBXBuildFile; fileRef = 6970A0B824B79AFD00B11031 /* PopoverSearchSubredditView.swift */; };
		6970A0BB24B79F5900B11031 /* SearchViewModel.swift in Sources */ = {isa = PBXBuildFile; fileRef = 6970A0BA24B79F5900B11031 /* SearchViewModel.swift */; };
		6970A0BD24B82E1C00B11031 /* LoadingRow.swift in Sources */ = {isa = PBXBuildFile; fileRef = 6970A0BC24B82E1C00B11031 /* LoadingRow.swift */; };
		6970A0BF24B8343100B11031 /* PopoverSearchSubredditRow.swift in Sources */ = {isa = PBXBuildFile; fileRef = 6970A0BE24B8343100B11031 /* PopoverSearchSubredditRow.swift */; };
		6970A0C124B88BA200B11031 /* PostViewModel.swift in Sources */ = {isa = PBXBuildFile; fileRef = 6970A0C024B88BA200B11031 /* PostViewModel.swift */; };
		6970A0C324B896CD00B11031 /* PostDetailCommentsSection.swift in Sources */ = {isa = PBXBuildFile; fileRef = 6970A0C224B896CD00B11031 /* PostDetailCommentsSection.swift */; };
		697E324524E3E7D90006F00F /* UI in Frameworks */ = {isa = PBXBuildFile; productRef = 697E324424E3E7D90006F00F /* UI */; };
		697E324724E3ED620006F00F /* CommentViewModel.swift in Sources */ = {isa = PBXBuildFile; fileRef = 697E324624E3ED620006F00F /* CommentViewModel.swift */; };
		697E324924E3EDE70006F00F /* CommentVoteView.swift in Sources */ = {isa = PBXBuildFile; fileRef = 697E324824E3EDE70006F00F /* CommentVoteView.swift */; };
		697E324B24E3EFCB0006F00F /* CommentActionsView.swift in Sources */ = {isa = PBXBuildFile; fileRef = 697E324A24E3EFCB0006F00F /* CommentActionsView.swift */; };
		697E324D24E3F2900006F00F /* SharingPicker.swift in Sources */ = {isa = PBXBuildFile; fileRef = 697E324C24E3F2900006F00F /* SharingPicker.swift */; };
		69C1925A24EC0FEB00BA3C09 /* Parma in Frameworks */ = {isa = PBXBuildFile; productRef = 69C1925924EC0FEB00BA3C09 /* Parma */; };
		69CCB3EA24E2BEAC003FAAD7 /* SubredditAboutPopoverView.swift in Sources */ = {isa = PBXBuildFile; fileRef = 69CCB3E924E2BEAC003FAAD7 /* SubredditAboutPopoverView.swift */; };
		69D076C824B9E871001619AC /* Color.swift in Sources */ = {isa = PBXBuildFile; fileRef = 69D076C724B9E871001619AC /* Color.swift */; };
		69D8663424E568060052A2B0 /* Route.swift in Sources */ = {isa = PBXBuildFile; fileRef = 69D8663324E568060052A2B0 /* Route.swift */; };
		69DB093824DFCBC60026811F /* SettingsKey.swift in Sources */ = {isa = PBXBuildFile; fileRef = 69DB093724DFCBC60026811F /* SettingsKey.swift */; };
		69EACF0324B63D5800303A16 /* RedditOsApp.swift in Sources */ = {isa = PBXBuildFile; fileRef = 69EACF0224B63D5800303A16 /* RedditOsApp.swift */; };
		69EACF0724B63D5900303A16 /* Assets.xcassets in Resources */ = {isa = PBXBuildFile; fileRef = 69EACF0624B63D5900303A16 /* Assets.xcassets */; };
		69EACF0A24B63D5900303A16 /* Preview Assets.xcassets in Resources */ = {isa = PBXBuildFile; fileRef = 69EACF0924B63D5900303A16 /* Preview Assets.xcassets */; };
		69EACF1324B668F200303A16 /* SidebarView.swift in Sources */ = {isa = PBXBuildFile; fileRef = 69EACF1224B668F200303A16 /* SidebarView.swift */; };
		69EACF1524B6F1E200303A16 /* SubredditPostsListView.swift in Sources */ = {isa = PBXBuildFile; fileRef = 69EACF1424B6F1E200303A16 /* SubredditPostsListView.swift */; };
		69EACF1724B6F2BA00303A16 /* PostDetailView.swift in Sources */ = {isa = PBXBuildFile; fileRef = 69EACF1624B6F2BA00303A16 /* PostDetailView.swift */; };
		69EACF1C24B7272E00303A16 /* Backend in Frameworks */ = {isa = PBXBuildFile; productRef = 69EACF1B24B7272E00303A16 /* Backend */; };
		69EACF2524B73DF400303A16 /* SubredditViewModel.swift in Sources */ = {isa = PBXBuildFile; fileRef = 69EACF2424B73DF400303A16 /* SubredditViewModel.swift */; };
		69F74E9324DAE65100E58BD8 /* AwardView.swift in Sources */ = {isa = PBXBuildFile; fileRef = 69F74E9224DAE65100E58BD8 /* AwardView.swift */; };
		69F74E9624DB0B7300E58BD8 /* GlobalSearchPopoverView.swift in Sources */ = {isa = PBXBuildFile; fileRef = 69F74E9524DB0B7300E58BD8 /* GlobalSearchPopoverView.swift */; };
/* End PBXBuildFile section */

/* Begin PBXFileReference section */
		6906880C24B743900067D973 /* SubredditPostRow.swift */ = {isa = PBXFileReference; lastKnownFileType = sourcecode.swift; path = SubredditPostRow.swift; sourceTree = "<group>"; };
		691747E124DBEA240017E068 /* GlobalSearchSubRow.swift */ = {isa = PBXFileReference; lastKnownFileType = sourcecode.swift; path = GlobalSearchSubRow.swift; sourceTree = "<group>"; };
		6918A8CA24C1FEDC008A74E1 /* FlairView.swift */ = {isa = PBXFileReference; lastKnownFileType = sourcecode.swift; path = FlairView.swift; sourceTree = "<group>"; };
		691FD7B524C75CCD002E2C9C /* SubredditPostThumbnailView.swift */ = {isa = PBXFileReference; lastKnownFileType = sourcecode.swift; path = SubredditPostThumbnailView.swift; sourceTree = "<group>"; };
		69222AA024CC015E009F31B4 /* PostsListView.swift */ = {isa = PBXFileReference; lastKnownFileType = sourcecode.swift; path = PostsListView.swift; sourceTree = "<group>"; };
		69222AA224CC0291009F31B4 /* PostNoSelectionPlaceholder.swift */ = {isa = PBXFileReference; lastKnownFileType = sourcecode.swift; path = PostNoSelectionPlaceholder.swift; sourceTree = "<group>"; };
		69222AA424CD6A89009F31B4 /* UserHeaderView.swift */ = {isa = PBXFileReference; lastKnownFileType = sourcecode.swift; path = UserHeaderView.swift; sourceTree = "<group>"; };
		69222AA624CD6D6C009F31B4 /* SubmittedPostsListView.swift */ = {isa = PBXFileReference; lastKnownFileType = sourcecode.swift; path = SubmittedPostsListView.swift; sourceTree = "<group>"; };
		69222AA924CD7518009F31B4 /* CommentRow.swift */ = {isa = PBXFileReference; lastKnownFileType = sourcecode.swift; path = CommentRow.swift; sourceTree = "<group>"; };
		6924D53B24CD949D005487CA /* UserPopoverView.swift */ = {isa = PBXFileReference; lastKnownFileType = sourcecode.swift; path = UserPopoverView.swift; sourceTree = "<group>"; };
		6924D53D24CD94B0005487CA /* UserViewModel.swift */ = {isa = PBXFileReference; lastKnownFileType = sourcecode.swift; path = UserViewModel.swift; sourceTree = "<group>"; };
		6924D53F24CDCED0005487CA /* UserSheetView.swift */ = {isa = PBXFileReference; lastKnownFileType = sourcecode.swift; path = UserSheetView.swift; sourceTree = "<group>"; };
		6924D54224CDD049005487CA /* UIState.swift */ = {isa = PBXFileReference; lastKnownFileType = sourcecode.swift; path = UIState.swift; sourceTree = "<group>"; };
		6924D54424CDD7D7005487CA /* UserSheetOverviewView.swift */ = {isa = PBXFileReference; lastKnownFileType = sourcecode.swift; path = UserSheetOverviewView.swift; sourceTree = "<group>"; };
		6924D54924CDDDD9005487CA /* UserSheetCommentsView.swift */ = {isa = PBXFileReference; lastKnownFileType = sourcecode.swift; path = UserSheetCommentsView.swift; sourceTree = "<group>"; };
		6924D54C24CDF92A005487CA /* SettingsView.swift */ = {isa = PBXFileReference; lastKnownFileType = sourcecode.swift; path = SettingsView.swift; sourceTree = "<group>"; };
		692566D524B8A25A0014E0D4 /* PostDetailContent.swift */ = {isa = PBXFileReference; lastKnownFileType = sourcecode.swift; path = PostDetailContent.swift; sourceTree = "<group>"; };
		692566D724B8A3190014E0D4 /* PostDetailActionsView.swift */ = {isa = PBXFileReference; lastKnownFileType = sourcecode.swift; path = PostDetailActionsView.swift; sourceTree = "<group>"; };
		692566D924B8A3830014E0D4 /* PostDetailHeader.swift */ = {isa = PBXFileReference; lastKnownFileType = sourcecode.swift; path = PostDetailHeader.swift; sourceTree = "<group>"; };
		6927894824B9B75200EEFBF2 /* ProfileView.swift */ = {isa = PBXFileReference; lastKnownFileType = sourcecode.swift; path = ProfileView.swift; sourceTree = "<group>"; };
		692F237524CB3A7B006C9D40 /* SavedPostsListView.swift */ = {isa = PBXFileReference; lastKnownFileType = sourcecode.swift; path = SavedPostsListView.swift; sourceTree = "<group>"; };
		693BD7722518C4FB00CA5214 /* PostDetailToolbar.swift */ = {isa = PBXFileReference; lastKnownFileType = sourcecode.swift; path = PostDetailToolbar.swift; sourceTree = "<group>"; };
		693F85D024D0690500224ADB /* NSTextField.swift */ = {isa = PBXFileReference; lastKnownFileType = sourcecode.swift; path = NSTextField.swift; sourceTree = "<group>"; };
		693F85D324D0715000224ADB /* ToolbarSearchBar.swift */ = {isa = PBXFileReference; lastKnownFileType = sourcecode.swift; path = ToolbarSearchBar.swift; sourceTree = "<group>"; };
		694C634E24C0AA6D0017897D /* SidebarSubredditRow.swift */ = {isa = PBXFileReference; lastKnownFileType = sourcecode.swift; path = SidebarSubredditRow.swift; sourceTree = "<group>"; };
		6970A0AD24B74A9D00B11031 /* PostInfoView.swift */ = {isa = PBXFileReference; lastKnownFileType = sourcecode.swift; path = PostInfoView.swift; sourceTree = "<group>"; };
		6970A0B224B77D1200B11031 /* PostVoteView.swift */ = {isa = PBXFileReference; lastKnownFileType = sourcecode.swift; path = PostVoteView.swift; sourceTree = "<group>"; };
		6970A0B524B783FE00B11031 /* LinkPresentationRepresentable.swift */ = {isa = PBXFileReference; lastKnownFileType = sourcecode.swift; path = LinkPresentationRepresentable.swift; sourceTree = "<group>"; };
		6970A0B824B79AFD00B11031 /* PopoverSearchSubredditView.swift */ = {isa = PBXFileReference; lastKnownFileType = sourcecode.swift; path = PopoverSearchSubredditView.swift; sourceTree = "<group>"; };
		6970A0BA24B79F5900B11031 /* SearchViewModel.swift */ = {isa = PBXFileReference; lastKnownFileType = sourcecode.swift; path = SearchViewModel.swift; sourceTree = "<group>"; };
		6970A0BC24B82E1C00B11031 /* LoadingRow.swift */ = {isa = PBXFileReference; lastKnownFileType = sourcecode.swift; path = LoadingRow.swift; sourceTree = "<group>"; };
		6970A0BE24B8343100B11031 /* PopoverSearchSubredditRow.swift */ = {isa = PBXFileReference; lastKnownFileType = sourcecode.swift; path = PopoverSearchSubredditRow.swift; sourceTree = "<group>"; };
		6970A0C024B88BA200B11031 /* PostViewModel.swift */ = {isa = PBXFileReference; lastKnownFileType = sourcecode.swift; path = PostViewModel.swift; sourceTree = "<group>"; };
		6970A0C224B896CD00B11031 /* PostDetailCommentsSection.swift */ = {isa = PBXFileReference; lastKnownFileType = sourcecode.swift; path = PostDetailCommentsSection.swift; sourceTree = "<group>"; };
		697E324324E3E6BF0006F00F /* UI */ = {isa = PBXFileReference; lastKnownFileType = folder; name = UI; path = Packages/UI; sourceTree = "<group>"; };
		697E324624E3ED620006F00F /* CommentViewModel.swift */ = {isa = PBXFileReference; lastKnownFileType = sourcecode.swift; path = CommentViewModel.swift; sourceTree = "<group>"; };
		697E324824E3EDE70006F00F /* CommentVoteView.swift */ = {isa = PBXFileReference; lastKnownFileType = sourcecode.swift; path = CommentVoteView.swift; sourceTree = "<group>"; };
		697E324A24E3EFCB0006F00F /* CommentActionsView.swift */ = {isa = PBXFileReference; lastKnownFileType = sourcecode.swift; path = CommentActionsView.swift; sourceTree = "<group>"; };
		697E324C24E3F2900006F00F /* SharingPicker.swift */ = {isa = PBXFileReference; lastKnownFileType = sourcecode.swift; path = SharingPicker.swift; sourceTree = "<group>"; };
		69CCB3E924E2BEAC003FAAD7 /* SubredditAboutPopoverView.swift */ = {isa = PBXFileReference; lastKnownFileType = sourcecode.swift; path = SubredditAboutPopoverView.swift; sourceTree = "<group>"; };
		69D076C724B9E871001619AC /* Color.swift */ = {isa = PBXFileReference; lastKnownFileType = sourcecode.swift; path = Color.swift; sourceTree = "<group>"; };
		69D8663324E568060052A2B0 /* Route.swift */ = {isa = PBXFileReference; lastKnownFileType = sourcecode.swift; path = Route.swift; sourceTree = "<group>"; };
		69DB093724DFCBC60026811F /* SettingsKey.swift */ = {isa = PBXFileReference; lastKnownFileType = sourcecode.swift; path = SettingsKey.swift; sourceTree = "<group>"; };
		69EACEFF24B63D5800303A16 /* Curiosity.app */ = {isa = PBXFileReference; explicitFileType = wrapper.application; includeInIndex = 0; path = Curiosity.app; sourceTree = BUILT_PRODUCTS_DIR; };
		69EACF0224B63D5800303A16 /* RedditOsApp.swift */ = {isa = PBXFileReference; lastKnownFileType = sourcecode.swift; path = RedditOsApp.swift; sourceTree = "<group>"; };
		69EACF0624B63D5900303A16 /* Assets.xcassets */ = {isa = PBXFileReference; lastKnownFileType = folder.assetcatalog; path = Assets.xcassets; sourceTree = "<group>"; };
		69EACF0924B63D5900303A16 /* Preview Assets.xcassets */ = {isa = PBXFileReference; lastKnownFileType = folder.assetcatalog; path = "Preview Assets.xcassets"; sourceTree = "<group>"; };
		69EACF0B24B63D5900303A16 /* Info.plist */ = {isa = PBXFileReference; lastKnownFileType = text.plist.xml; path = Info.plist; sourceTree = "<group>"; };
		69EACF0C24B63D5900303A16 /* RedditOs.entitlements */ = {isa = PBXFileReference; lastKnownFileType = text.plist.entitlements; path = RedditOs.entitlements; sourceTree = "<group>"; };
		69EACF1224B668F200303A16 /* SidebarView.swift */ = {isa = PBXFileReference; lastKnownFileType = sourcecode.swift; path = SidebarView.swift; sourceTree = "<group>"; };
		69EACF1424B6F1E200303A16 /* SubredditPostsListView.swift */ = {isa = PBXFileReference; lastKnownFileType = sourcecode.swift; path = SubredditPostsListView.swift; sourceTree = "<group>"; };
		69EACF1624B6F2BA00303A16 /* PostDetailView.swift */ = {isa = PBXFileReference; lastKnownFileType = sourcecode.swift; path = PostDetailView.swift; sourceTree = "<group>"; };
		69EACF1924B7223E00303A16 /* Backend */ = {isa = PBXFileReference; lastKnownFileType = folder; name = Backend; path = Packages/Backend; sourceTree = "<group>"; };
		69EACF2424B73DF400303A16 /* SubredditViewModel.swift */ = {isa = PBXFileReference; lastKnownFileType = sourcecode.swift; path = SubredditViewModel.swift; sourceTree = "<group>"; };
		69F74E9224DAE65100E58BD8 /* AwardView.swift */ = {isa = PBXFileReference; lastKnownFileType = sourcecode.swift; path = AwardView.swift; sourceTree = "<group>"; };
		69F74E9524DB0B7300E58BD8 /* GlobalSearchPopoverView.swift */ = {isa = PBXFileReference; lastKnownFileType = sourcecode.swift; path = GlobalSearchPopoverView.swift; sourceTree = "<group>"; };
/* End PBXFileReference section */

/* Begin PBXFrameworksBuildPhase section */
		69EACEFC24B63D5800303A16 /* Frameworks */ = {
			isa = PBXFrameworksBuildPhase;
			buildActionMask = 2147483647;
			files = (
				697E324524E3E7D90006F00F /* UI in Frameworks */,
				69C1925A24EC0FEB00BA3C09 /* Parma in Frameworks */,
				69EACF1C24B7272E00303A16 /* Backend in Frameworks */,
				6923F8CD250250FC0003870F /* KingfisherSwiftUI in Frameworks */,
			);
			runOnlyForDeploymentPostprocessing = 0;
		};
/* End PBXFrameworksBuildPhase section */

/* Begin PBXGroup section */
		69222AA824CD750E009F31B4 /* Comments */ = {
			isa = PBXGroup;
			children = (
				69222AA924CD7518009F31B4 /* CommentRow.swift */,
				697E324624E3ED620006F00F /* CommentViewModel.swift */,
				697E324824E3EDE70006F00F /* CommentVoteView.swift */,
				697E324A24E3EFCB0006F00F /* CommentActionsView.swift */,
			);
			path = Comments;
			sourceTree = "<group>";
		};
		69222AAB24CD7607009F31B4 /* Users */ = {
			isa = PBXGroup;
			children = (
				6924D54824CDD822005487CA /* shared */,
				6924D54724CDD81B005487CA /* popover */,
				6924D54624CDD817005487CA /* sheet */,
			);
			path = Users;
			sourceTree = "<group>";
		};
		6924D54124CDD038005487CA /* Environements */ = {
			isa = PBXGroup;
			children = (
				6924D54224CDD049005487CA /* UIState.swift */,
				69DB093724DFCBC60026811F /* SettingsKey.swift */,
				69D8663324E568060052A2B0 /* Route.swift */,
			);
			path = Environements;
			sourceTree = "<group>";
		};
		6924D54624CDD817005487CA /* sheet */ = {
			isa = PBXGroup;
			children = (
				6924D53F24CDCED0005487CA /* UserSheetView.swift */,
				6924D54424CDD7D7005487CA /* UserSheetOverviewView.swift */,
				6924D54924CDDDD9005487CA /* UserSheetCommentsView.swift */,
			);
			path = sheet;
			sourceTree = "<group>";
		};
		6924D54724CDD81B005487CA /* popover */ = {
			isa = PBXGroup;
			children = (
				6924D53B24CD949D005487CA /* UserPopoverView.swift */,
			);
			path = popover;
			sourceTree = "<group>";
		};
		6924D54824CDD822005487CA /* shared */ = {
			isa = PBXGroup;
			children = (
				69222AA424CD6A89009F31B4 /* UserHeaderView.swift */,
				6924D53D24CD94B0005487CA /* UserViewModel.swift */,
			);
			path = shared;
			sourceTree = "<group>";
		};
		6924D54B24CDF91F005487CA /* Settings */ = {
			isa = PBXGroup;
			children = (
				6924D54C24CDF92A005487CA /* SettingsView.swift */,
			);
			path = Settings;
			sourceTree = "<group>";
		};
		6927894724B9B74900EEFBF2 /* Profile */ = {
			isa = PBXGroup;
			children = (
				6927894824B9B75200EEFBF2 /* ProfileView.swift */,
				692F237524CB3A7B006C9D40 /* SavedPostsListView.swift */,
				69222AA624CD6D6C009F31B4 /* SubmittedPostsListView.swift */,
			);
			path = Profile;
			sourceTree = "<group>";
		};
		693F85D224D06AA700224ADB /* Subreddit Search Popover */ = {
			isa = PBXGroup;
			children = (
				6970A0B824B79AFD00B11031 /* PopoverSearchSubredditView.swift */,
				6970A0BE24B8343100B11031 /* PopoverSearchSubredditRow.swift */,
			);
			path = "Subreddit Search Popover";
			sourceTree = "<group>";
		};
		6970A0AC24B7494C00B11031 /* Shared */ = {
			isa = PBXGroup;
			children = (
				6970A0AD24B74A9D00B11031 /* PostInfoView.swift */,
				6970A0B224B77D1200B11031 /* PostVoteView.swift */,
				6970A0BC24B82E1C00B11031 /* LoadingRow.swift */,
				6918A8CA24C1FEDC008A74E1 /* FlairView.swift */,
				69222AA024CC015E009F31B4 /* PostsListView.swift */,
				69222AA224CC0291009F31B4 /* PostNoSelectionPlaceholder.swift */,
				69F74E9224DAE65100E58BD8 /* AwardView.swift */,
			);
			path = Shared;
			sourceTree = "<group>";
		};
		6970A0B424B783F200B11031 /* Representables */ = {
			isa = PBXGroup;
			children = (
				6970A0B524B783FE00B11031 /* LinkPresentationRepresentable.swift */,
				697E324C24E3F2900006F00F /* SharingPicker.swift */,
			);
			path = Representables;
			sourceTree = "<group>";
		};
		6970A0B724B79AF400B11031 /* Search */ = {
			isa = PBXGroup;
			children = (
				6970A0BA24B79F5900B11031 /* SearchViewModel.swift */,
				693F85D324D0715000224ADB /* ToolbarSearchBar.swift */,
				69F74E9424DB0B5600E58BD8 /* Global Search Popopver */,
				693F85D224D06AA700224ADB /* Subreddit Search Popover */,
			);
			path = Search;
			sourceTree = "<group>";
		};
		69D076C624B9E861001619AC /* Extensions */ = {
			isa = PBXGroup;
			children = (
				69D076C724B9E871001619AC /* Color.swift */,
				693F85D024D0690500224ADB /* NSTextField.swift */,
			);
			path = Extensions;
			sourceTree = "<group>";
		};
		69EACEF624B63D5800303A16 = {
			isa = PBXGroup;
			children = (
				69EACF0124B63D5800303A16 /* RedditOs */,
				697E324324E3E6BF0006F00F /* UI */,
				69EACF1924B7223E00303A16 /* Backend */,
				69EACF0024B63D5800303A16 /* Products */,
				69EACF1A24B7272E00303A16 /* Frameworks */,
			);
			sourceTree = "<group>";
		};
		69EACF0024B63D5800303A16 /* Products */ = {
			isa = PBXGroup;
			children = (
				69EACEFF24B63D5800303A16 /* Curiosity.app */,
			);
			name = Products;
			sourceTree = "<group>";
		};
		69EACF0124B63D5800303A16 /* RedditOs */ = {
			isa = PBXGroup;
			children = (
				69EACF0224B63D5800303A16 /* RedditOsApp.swift */,
				69D076C624B9E861001619AC /* Extensions */,
				6924D54124CDD038005487CA /* Environements */,
				6970A0B424B783F200B11031 /* Representables */,
				6970A0AC24B7494C00B11031 /* Shared */,
				69EACF2024B7298C00303A16 /* Features */,
				69EACF0B24B63D5900303A16 /* Info.plist */,
				69EACF0624B63D5900303A16 /* Assets.xcassets */,
				69EACF0C24B63D5900303A16 /* RedditOs.entitlements */,
				69EACF0824B63D5900303A16 /* Preview Content */,
			);
			path = RedditOs;
			sourceTree = "<group>";
		};
		69EACF0824B63D5900303A16 /* Preview Content */ = {
			isa = PBXGroup;
			children = (
				69EACF0924B63D5900303A16 /* Preview Assets.xcassets */,
			);
			path = "Preview Content";
			sourceTree = "<group>";
		};
		69EACF1A24B7272E00303A16 /* Frameworks */ = {
			isa = PBXGroup;
			children = (
			);
			name = Frameworks;
			sourceTree = "<group>";
		};
		69EACF2024B7298C00303A16 /* Features */ = {
			isa = PBXGroup;
			children = (
				69222AA824CD750E009F31B4 /* Comments */,
				69EACF2324B73D6900303A16 /* Post */,
				6927894724B9B74900EEFBF2 /* Profile */,
				6970A0B724B79AF400B11031 /* Search */,
				6924D54B24CDF91F005487CA /* Settings */,
				69EACF2124B7299000303A16 /* Sidebar */,
				69EACF2224B73AF100303A16 /* Subreddit */,
				69222AAB24CD7607009F31B4 /* Users */,
			);
			path = Features;
			sourceTree = "<group>";
		};
		69EACF2124B7299000303A16 /* Sidebar */ = {
			isa = PBXGroup;
			children = (
				69EACF1224B668F200303A16 /* SidebarView.swift */,
				694C634E24C0AA6D0017897D /* SidebarSubredditRow.swift */,
			);
			path = Sidebar;
			sourceTree = "<group>";
		};
		69EACF2224B73AF100303A16 /* Subreddit */ = {
			isa = PBXGroup;
			children = (
				69EACF2424B73DF400303A16 /* SubredditViewModel.swift */,
				69EACF1424B6F1E200303A16 /* SubredditPostsListView.swift */,
				6906880C24B743900067D973 /* SubredditPostRow.swift */,
				691FD7B524C75CCD002E2C9C /* SubredditPostThumbnailView.swift */,
				69CCB3E924E2BEAC003FAAD7 /* SubredditAboutPopoverView.swift */,
			);
			path = Subreddit;
			sourceTree = "<group>";
		};
		69EACF2324B73D6900303A16 /* Post */ = {
			isa = PBXGroup;
			children = (
				6970A0C024B88BA200B11031 /* PostViewModel.swift */,
				69EACF1624B6F2BA00303A16 /* PostDetailView.swift */,
				692566D924B8A3830014E0D4 /* PostDetailHeader.swift */,
				692566D524B8A25A0014E0D4 /* PostDetailContent.swift */,
				6970A0C224B896CD00B11031 /* PostDetailCommentsSection.swift */,
				692566D724B8A3190014E0D4 /* PostDetailActionsView.swift */,
				693BD7722518C4FB00CA5214 /* PostDetailToolbar.swift */,
			);
			path = Post;
			sourceTree = "<group>";
		};
		69F74E9424DB0B5600E58BD8 /* Global Search Popopver */ = {
			isa = PBXGroup;
			children = (
				69F74E9524DB0B7300E58BD8 /* GlobalSearchPopoverView.swift */,
				691747E124DBEA240017E068 /* GlobalSearchSubRow.swift */,
			);
			path = "Global Search Popopver";
			sourceTree = "<group>";
		};
/* End PBXGroup section */

/* Begin PBXNativeTarget section */
		69EACEFE24B63D5800303A16 /* RedditOs */ = {
			isa = PBXNativeTarget;
			buildConfigurationList = 69EACF0F24B63D5900303A16 /* Build configuration list for PBXNativeTarget "RedditOs" */;
			buildPhases = (
				69EACEFB24B63D5800303A16 /* Sources */,
				69EACEFC24B63D5800303A16 /* Frameworks */,
				69EACEFD24B63D5800303A16 /* Resources */,
			);
			buildRules = (
			);
			dependencies = (
			);
			name = RedditOs;
			packageProductDependencies = (
				69EACF1B24B7272E00303A16 /* Backend */,
				697E324424E3E7D90006F00F /* UI */,
				69C1925924EC0FEB00BA3C09 /* Parma */,
				6923F8CC250250FC0003870F /* KingfisherSwiftUI */,
			);
			productName = RedditOs;
			productReference = 69EACEFF24B63D5800303A16 /* Curiosity.app */;
			productType = "com.apple.product-type.application";
		};
/* End PBXNativeTarget section */

/* Begin PBXProject section */
		69EACEF724B63D5800303A16 /* Project object */ = {
			isa = PBXProject;
			attributes = {
				LastSwiftUpdateCheck = 1200;
				LastUpgradeCheck = 1220;
				TargetAttributes = {
					69EACEFE24B63D5800303A16 = {
						CreatedOnToolsVersion = 12.0;
					};
				};
			};
			buildConfigurationList = 69EACEFA24B63D5800303A16 /* Build configuration list for PBXProject "RedditOs" */;
			compatibilityVersion = "Xcode 9.3";
			developmentRegion = en;
			hasScannedForEncodings = 0;
			knownRegions = (
				en,
				Base,
			);
			mainGroup = 69EACEF624B63D5800303A16;
			packageReferences = (
				69C1925824EC0FEB00BA3C09 /* XCRemoteSwiftPackageReference "Parma" */,
				6923F8CB250250FC0003870F /* XCRemoteSwiftPackageReference "Kingfisher" */,
			);
			productRefGroup = 69EACF0024B63D5800303A16 /* Products */;
			projectDirPath = "";
			projectRoot = "";
			targets = (
				69EACEFE24B63D5800303A16 /* RedditOs */,
			);
		};
/* End PBXProject section */

/* Begin PBXResourcesBuildPhase section */
		69EACEFD24B63D5800303A16 /* Resources */ = {
			isa = PBXResourcesBuildPhase;
			buildActionMask = 2147483647;
			files = (
				69EACF0A24B63D5900303A16 /* Preview Assets.xcassets in Resources */,
				69EACF0724B63D5900303A16 /* Assets.xcassets in Resources */,
			);
			runOnlyForDeploymentPostprocessing = 0;
		};
/* End PBXResourcesBuildPhase section */

/* Begin PBXSourcesBuildPhase section */
		69EACEFB24B63D5800303A16 /* Sources */ = {
			isa = PBXSourcesBuildPhase;
			buildActionMask = 2147483647;
			files = (
				69EACF1324B668F200303A16 /* SidebarView.swift in Sources */,
				6970A0BF24B8343100B11031 /* PopoverSearchSubredditRow.swift in Sources */,
				69222AA124CC015E009F31B4 /* PostsListView.swift in Sources */,
				6918A8CB24C1FEDC008A74E1 /* FlairView.swift in Sources */,
				69D076C824B9E871001619AC /* Color.swift in Sources */,
				697E324924E3EDE70006F00F /* CommentVoteView.swift in Sources */,
				6970A0AE24B74A9D00B11031 /* PostInfoView.swift in Sources */,
				6924D54D24CDF92A005487CA /* SettingsView.swift in Sources */,
				693BD7732518C4FB00CA5214 /* PostDetailToolbar.swift in Sources */,
				6970A0B624B783FE00B11031 /* LinkPresentationRepresentable.swift in Sources */,
				6924D54324CDD049005487CA /* UIState.swift in Sources */,
				692566D624B8A25A0014E0D4 /* PostDetailContent.swift in Sources */,
				694C634F24C0AA6D0017897D /* SidebarSubredditRow.swift in Sources */,
				693F85D424D0715000224ADB /* ToolbarSearchBar.swift in Sources */,
				69EACF1524B6F1E200303A16 /* SubredditPostsListView.swift in Sources */,
				697E324D24E3F2900006F00F /* SharingPicker.swift in Sources */,
				692F237624CB3A7B006C9D40 /* SavedPostsListView.swift in Sources */,
				6924D53E24CD94B0005487CA /* UserViewModel.swift in Sources */,
				69222AA724CD6D6C009F31B4 /* SubmittedPostsListView.swift in Sources */,
				697E324724E3ED620006F00F /* CommentViewModel.swift in Sources */,
				692566DA24B8A3830014E0D4 /* PostDetailHeader.swift in Sources */,
				69CCB3EA24E2BEAC003FAAD7 /* SubredditAboutPopoverView.swift in Sources */,
				69D8663424E568060052A2B0 /* Route.swift in Sources */,
				6924D54A24CDDDD9005487CA /* UserSheetCommentsView.swift in Sources */,
				6970A0C324B896CD00B11031 /* PostDetailCommentsSection.swift in Sources */,
				6970A0B924B79AFD00B11031 /* PopoverSearchSubredditView.swift in Sources */,
				691747E224DBEA240017E068 /* GlobalSearchSubRow.swift in Sources */,
				69F74E9624DB0B7300E58BD8 /* GlobalSearchPopoverView.swift in Sources */,
				69222AA324CC0291009F31B4 /* PostNoSelectionPlaceholder.swift in Sources */,
				6924D53C24CD949D005487CA /* UserPopoverView.swift in Sources */,
				69F74E9324DAE65100E58BD8 /* AwardView.swift in Sources */,
				6970A0BB24B79F5900B11031 /* SearchViewModel.swift in Sources */,
				6924D54524CDD7D7005487CA /* UserSheetOverviewView.swift in Sources */,
				6906880D24B743900067D973 /* SubredditPostRow.swift in Sources */,
				69DB093824DFCBC60026811F /* SettingsKey.swift in Sources */,
				6927894924B9B75200EEFBF2 /* ProfileView.swift in Sources */,
				691FD7B624C75CCD002E2C9C /* SubredditPostThumbnailView.swift in Sources */,
				69EACF1724B6F2BA00303A16 /* PostDetailView.swift in Sources */,
				692566D824B8A3190014E0D4 /* PostDetailActionsView.swift in Sources */,
				697E324B24E3EFCB0006F00F /* CommentActionsView.swift in Sources */,
				69EACF0324B63D5800303A16 /* RedditOsApp.swift in Sources */,
				69EACF2524B73DF400303A16 /* SubredditViewModel.swift in Sources */,
				6924D54024CDCED0005487CA /* UserSheetView.swift in Sources */,
				693F85D124D0690500224ADB /* NSTextField.swift in Sources */,
				6970A0BD24B82E1C00B11031 /* LoadingRow.swift in Sources */,
				69222AAA24CD7518009F31B4 /* CommentRow.swift in Sources */,
				6970A0B324B77D1200B11031 /* PostVoteView.swift in Sources */,
				6970A0C124B88BA200B11031 /* PostViewModel.swift in Sources */,
				69222AA524CD6A89009F31B4 /* UserHeaderView.swift in Sources */,
			);
			runOnlyForDeploymentPostprocessing = 0;
		};
/* End PBXSourcesBuildPhase section */

/* Begin XCBuildConfiguration section */
		69EACF0D24B63D5900303A16 /* Debug */ = {
			isa = XCBuildConfiguration;
			buildSettings = {
				ALWAYS_SEARCH_USER_PATHS = NO;
				CLANG_ANALYZER_NONNULL = YES;
				CLANG_ANALYZER_NUMBER_OBJECT_CONVERSION = YES_AGGRESSIVE;
				CLANG_CXX_LANGUAGE_STANDARD = "gnu++14";
				CLANG_CXX_LIBRARY = "libc++";
				CLANG_ENABLE_MODULES = YES;
				CLANG_ENABLE_OBJC_ARC = YES;
				CLANG_ENABLE_OBJC_WEAK = YES;
				CLANG_WARN_BLOCK_CAPTURE_AUTORELEASING = YES;
				CLANG_WARN_BOOL_CONVERSION = YES;
				CLANG_WARN_COMMA = YES;
				CLANG_WARN_CONSTANT_CONVERSION = YES;
				CLANG_WARN_DEPRECATED_OBJC_IMPLEMENTATIONS = YES;
				CLANG_WARN_DIRECT_OBJC_ISA_USAGE = YES_ERROR;
				CLANG_WARN_DOCUMENTATION_COMMENTS = YES;
				CLANG_WARN_EMPTY_BODY = YES;
				CLANG_WARN_ENUM_CONVERSION = YES;
				CLANG_WARN_INFINITE_RECURSION = YES;
				CLANG_WARN_INT_CONVERSION = YES;
				CLANG_WARN_NON_LITERAL_NULL_CONVERSION = YES;
				CLANG_WARN_OBJC_IMPLICIT_RETAIN_SELF = YES;
				CLANG_WARN_OBJC_LITERAL_CONVERSION = YES;
				CLANG_WARN_OBJC_ROOT_CLASS = YES_ERROR;
				CLANG_WARN_QUOTED_INCLUDE_IN_FRAMEWORK_HEADER = YES;
				CLANG_WARN_RANGE_LOOP_ANALYSIS = YES;
				CLANG_WARN_STRICT_PROTOTYPES = YES;
				CLANG_WARN_SUSPICIOUS_MOVE = YES;
				CLANG_WARN_UNGUARDED_AVAILABILITY = YES_AGGRESSIVE;
				CLANG_WARN_UNREACHABLE_CODE = YES;
				CLANG_WARN__DUPLICATE_METHOD_MATCH = YES;
				COPY_PHASE_STRIP = NO;
				DEBUG_INFORMATION_FORMAT = dwarf;
				ENABLE_STRICT_OBJC_MSGSEND = YES;
				ENABLE_TESTABILITY = YES;
				GCC_C_LANGUAGE_STANDARD = gnu11;
				GCC_DYNAMIC_NO_PIC = NO;
				GCC_NO_COMMON_BLOCKS = YES;
				GCC_OPTIMIZATION_LEVEL = 0;
				GCC_PREPROCESSOR_DEFINITIONS = (
					"DEBUG=1",
					"$(inherited)",
				);
				GCC_WARN_64_TO_32_BIT_CONVERSION = YES;
				GCC_WARN_ABOUT_RETURN_TYPE = YES_ERROR;
				GCC_WARN_UNDECLARED_SELECTOR = YES;
				GCC_WARN_UNINITIALIZED_AUTOS = YES_AGGRESSIVE;
				GCC_WARN_UNUSED_FUNCTION = YES;
				GCC_WARN_UNUSED_VARIABLE = YES;
				MACOSX_DEPLOYMENT_TARGET = 10.16;
				MTL_ENABLE_DEBUG_INFO = INCLUDE_SOURCE;
				MTL_FAST_MATH = YES;
				ONLY_ACTIVE_ARCH = YES;
				SDKROOT = macosx;
				SWIFT_ACTIVE_COMPILATION_CONDITIONS = DEBUG;
				SWIFT_OPTIMIZATION_LEVEL = "-Onone";
			};
			name = Debug;
		};
		69EACF0E24B63D5900303A16 /* Release */ = {
			isa = XCBuildConfiguration;
			buildSettings = {
				ALWAYS_SEARCH_USER_PATHS = NO;
				CLANG_ANALYZER_NONNULL = YES;
				CLANG_ANALYZER_NUMBER_OBJECT_CONVERSION = YES_AGGRESSIVE;
				CLANG_CXX_LANGUAGE_STANDARD = "gnu++14";
				CLANG_CXX_LIBRARY = "libc++";
				CLANG_ENABLE_MODULES = YES;
				CLANG_ENABLE_OBJC_ARC = YES;
				CLANG_ENABLE_OBJC_WEAK = YES;
				CLANG_WARN_BLOCK_CAPTURE_AUTORELEASING = YES;
				CLANG_WARN_BOOL_CONVERSION = YES;
				CLANG_WARN_COMMA = YES;
				CLANG_WARN_CONSTANT_CONVERSION = YES;
				CLANG_WARN_DEPRECATED_OBJC_IMPLEMENTATIONS = YES;
				CLANG_WARN_DIRECT_OBJC_ISA_USAGE = YES_ERROR;
				CLANG_WARN_DOCUMENTATION_COMMENTS = YES;
				CLANG_WARN_EMPTY_BODY = YES;
				CLANG_WARN_ENUM_CONVERSION = YES;
				CLANG_WARN_INFINITE_RECURSION = YES;
				CLANG_WARN_INT_CONVERSION = YES;
				CLANG_WARN_NON_LITERAL_NULL_CONVERSION = YES;
				CLANG_WARN_OBJC_IMPLICIT_RETAIN_SELF = YES;
				CLANG_WARN_OBJC_LITERAL_CONVERSION = YES;
				CLANG_WARN_OBJC_ROOT_CLASS = YES_ERROR;
				CLANG_WARN_QUOTED_INCLUDE_IN_FRAMEWORK_HEADER = YES;
				CLANG_WARN_RANGE_LOOP_ANALYSIS = YES;
				CLANG_WARN_STRICT_PROTOTYPES = YES;
				CLANG_WARN_SUSPICIOUS_MOVE = YES;
				CLANG_WARN_UNGUARDED_AVAILABILITY = YES_AGGRESSIVE;
				CLANG_WARN_UNREACHABLE_CODE = YES;
				CLANG_WARN__DUPLICATE_METHOD_MATCH = YES;
				COPY_PHASE_STRIP = NO;
				DEBUG_INFORMATION_FORMAT = "dwarf-with-dsym";
				ENABLE_NS_ASSERTIONS = NO;
				ENABLE_STRICT_OBJC_MSGSEND = YES;
				GCC_C_LANGUAGE_STANDARD = gnu11;
				GCC_NO_COMMON_BLOCKS = YES;
				GCC_WARN_64_TO_32_BIT_CONVERSION = YES;
				GCC_WARN_ABOUT_RETURN_TYPE = YES_ERROR;
				GCC_WARN_UNDECLARED_SELECTOR = YES;
				GCC_WARN_UNINITIALIZED_AUTOS = YES_AGGRESSIVE;
				GCC_WARN_UNUSED_FUNCTION = YES;
				GCC_WARN_UNUSED_VARIABLE = YES;
				MACOSX_DEPLOYMENT_TARGET = 10.16;
				MTL_ENABLE_DEBUG_INFO = NO;
				MTL_FAST_MATH = YES;
				SDKROOT = macosx;
				SWIFT_COMPILATION_MODE = wholemodule;
				SWIFT_OPTIMIZATION_LEVEL = "-O";
			};
			name = Release;
		};
		69EACF1024B63D5900303A16 /* Debug */ = {
			isa = XCBuildConfiguration;
			buildSettings = {
				ASSETCATALOG_COMPILER_APPICON_NAME = AppIcon;
				ASSETCATALOG_COMPILER_GLOBAL_ACCENT_COLOR_NAME = AccentColor;
				CODE_SIGN_ENTITLEMENTS = RedditOs/RedditOs.entitlements;
				CODE_SIGN_IDENTITY = "Apple Development";
				CODE_SIGN_STYLE = Automatic;
				COMBINE_HIDPI_IMAGES = YES;
				CURRENT_PROJECT_VERSION = 25;
				DEVELOPMENT_ASSET_PATHS = "\"RedditOs/Preview Content\"";
				DEVELOPMENT_TEAM = Z6P74P6T99;
				ENABLE_HARDENED_RUNTIME = YES;
				ENABLE_PREVIEWS = YES;
				INFOPLIST_FILE = RedditOs/Info.plist;
				LD_RUNPATH_SEARCH_PATHS = (
					"$(inherited)",
					"@executable_path/../Frameworks",
				);
				MACOSX_DEPLOYMENT_TARGET = 11.0;
				MARKETING_VERSION = 0.1;
				PRODUCT_BUNDLE_IDENTIFIER = com.thomasricouard.curiosity;
				PRODUCT_NAME = Curiosity;
				SWIFT_VERSION = 5.0;
			};
			name = Debug;
		};
		69EACF1124B63D5900303A16 /* Release */ = {
			isa = XCBuildConfiguration;
			buildSettings = {
				ASSETCATALOG_COMPILER_APPICON_NAME = AppIcon;
				ASSETCATALOG_COMPILER_GLOBAL_ACCENT_COLOR_NAME = AccentColor;
				CODE_SIGN_ENTITLEMENTS = RedditOs/RedditOs.entitlements;
				CODE_SIGN_IDENTITY = "Apple Development";
				CODE_SIGN_STYLE = Automatic;
				COMBINE_HIDPI_IMAGES = YES;
				CURRENT_PROJECT_VERSION = 25;
				DEVELOPMENT_ASSET_PATHS = "\"RedditOs/Preview Content\"";
				DEVELOPMENT_TEAM = Z6P74P6T99;
				ENABLE_HARDENED_RUNTIME = YES;
				ENABLE_PREVIEWS = YES;
				INFOPLIST_FILE = RedditOs/Info.plist;
				LD_RUNPATH_SEARCH_PATHS = (
					"$(inherited)",
					"@executable_path/../Frameworks",
				);
				MACOSX_DEPLOYMENT_TARGET = 11.0;
				MARKETING_VERSION = 0.1;
				PRODUCT_BUNDLE_IDENTIFIER = com.thomasricouard.curiosity;
				PRODUCT_NAME = Curiosity;
				SWIFT_VERSION = 5.0;
			};
			name = Release;
		};
/* End XCBuildConfiguration section */

/* Begin XCConfigurationList section */
		69EACEFA24B63D5800303A16 /* Build configuration list for PBXProject "RedditOs" */ = {
			isa = XCConfigurationList;
			buildConfigurations = (
				69EACF0D24B63D5900303A16 /* Debug */,
				69EACF0E24B63D5900303A16 /* Release */,
			);
			defaultConfigurationIsVisible = 0;
			defaultConfigurationName = Release;
		};
		69EACF0F24B63D5900303A16 /* Build configuration list for PBXNativeTarget "RedditOs" */ = {
			isa = XCConfigurationList;
			buildConfigurations = (
				69EACF1024B63D5900303A16 /* Debug */,
				69EACF1124B63D5900303A16 /* Release */,
			);
			defaultConfigurationIsVisible = 0;
			defaultConfigurationName = Release;
		};
/* End XCConfigurationList section */

/* Begin XCRemoteSwiftPackageReference section */
		6923F8CB250250FC0003870F /* XCRemoteSwiftPackageReference "Kingfisher" */ = {
			isa = XCRemoteSwiftPackageReference;
			repositoryURL = "https://github.com/onevcat/Kingfisher";
			requirement = {
				kind = upToNextMajorVersion;
				minimumVersion = 5.15.0;
			};
		};
		69C1925824EC0FEB00BA3C09 /* XCRemoteSwiftPackageReference "Parma" */ = {
			isa = XCRemoteSwiftPackageReference;
			repositoryURL = "https://github.com/dasautoooo/Parma";
			requirement = {
				kind = upToNextMajorVersion;
				minimumVersion = 0.1.0;
			};
		};
/* End XCRemoteSwiftPackageReference section */

/* Begin XCSwiftPackageProductDependency section */
		6923F8CC250250FC0003870F /* KingfisherSwiftUI */ = {
			isa = XCSwiftPackageProductDependency;
			package = 6923F8CB250250FC0003870F /* XCRemoteSwiftPackageReference "Kingfisher" */;
			productName = KingfisherSwiftUI;
		};
		697E324424E3E7D90006F00F /* UI */ = {
			isa = XCSwiftPackageProductDependency;
			productName = UI;
		};
		69C1925924EC0FEB00BA3C09 /* Parma */ = {
			isa = XCSwiftPackageProductDependency;
			package = 69C1925824EC0FEB00BA3C09 /* XCRemoteSwiftPackageReference "Parma" */;
			productName = Parma;
		};
		69EACF1B24B7272E00303A16 /* Backend */ = {
			isa = XCSwiftPackageProductDependency;
			productName = Backend;
		};
/* End XCSwiftPackageProductDependency section */
	};
	rootObject = 69EACEF724B63D5800303A16 /* Project object */;
}
